
Microsoft Visual Studio Solution File, Format Version 12.00
# 
VisualStudioVersion = 17.5.002.0
MinimumVisualStudioVersion = 
Project("{2150E333-8FDC-42A3-9474-1A3956D46DE8}") = "W00", "W00", "{E9AE86AF-A4F4-4CDD-B0E6-FCD6E0599AB7}"
EndProject
Project("{2150E333-8FDC-42A3-9474-1A3956D46DE8}") = "W01", "W01", "{4CE97DE8-C4FE-47C0-8DF1-469854706A6E}"
EndProject
Project("{2150E333-8FDC-42A3-9474-1A3956D46DE8}") = "W02", "W02", "{56E3AEB2-FD89-4E7F-8269-C7C17B8F504B}"
EndProject
Project("{2150E333-8FDC-42A3-9474-1A3956D46DE8}") = "1", "1", "{77FD04C4-E0DF-41D5-B5A1-9752A2F8EFE4}"
EndProject
Project("{2150E333-8FDC-42A3-9474-1A3956D46DE8}") = "T", "T", "{0F5068FD-E98A-4D2E-B3C9-420E53369B34}"
EndProject
Project("{2150E333-8FDC-42A3-9474-1A3956D46DE8}") = "1", "1", "{889B19BA-D521-4A71-8005-C157E312AC9B}"
EndProject
Project("{2150E333-8FDC-42A3-9474-1A3956D46DE8}") = "2", "2", "{9DCE75AF-E41A-4566-9206-26FF8D8B9CBA}"
EndProject
Project("{2150E333-8FDC-42A3-9474-1A3956D46DE8}") = "T", "T", "{8B09B56E-2473-4A74-92F5-244D571726C0}"
EndProject
Project("{2150E333-8FDC-42A3-9474-1A3956D46DE8}") = "O", "O", "{BAFAB081-1250-4361-B8C6-2404EBA9A0A8}"
EndProject
Project("{2150E333-8FDC-42A3-9474-1A3956D46DE8}") = "T", "T", "{0DE18BB5-52EA-4BB0-B956-D1C9FBED1E46}"
EndProject
Project("{2150E333-8FDC-42A3-9474-1A3956D46DE8}") = "O", "O", "{867441A4-F1F8-4A77-8EB4-B4662DF904BB}"
EndProject
Project("{2150E333-8FDC-42A3-9474-1A3956D46DE8}") = "1", "1", "{F34EC28F-2A53-4F5E-8675-241642832C62}"
EndProject
Project("{2150E333-8FDC-42A3-9474-1A3956D46DE8}") = "2", "2", "{EF637B22-BFD3-4470-941F-778D26FEF8C1}"
EndProject
Project("{2150E333-8FDC-42A3-9474-1A3956D46DE8}") = "T", "T", "{58AE5990-1CF0-453B-AA2C-DFDF5D323B74}"
EndProject
Project("{2150E333-8FDC-42A3-9474-1A3956D46DE8}") = "O", "O", "{D303ADBD-A1BF-4F89-AA0A-C6B642A2F64A}"
EndProject
Project("{2150E333-8FDC-42A3-9474-1A3956D46DE8}") = "T", "T", "{CCF62DD5-553B-4E54-8491-F83BCCFB85E8}"
EndProject
Project("{2150E333-8FDC-42A3-9474-1A3956D46DE8}") = "O", "O", "{7B0A9042-FCA9-4372-B8E2-036768857A54}"
EndProject
Project("{2150E333-8FDC-42A3-9474-1A3956D46DE8}") = "W03", "W03", "{CA6E6F2F-6DAC-4691-9CB3-816E058DA1D7}"
EndProject
Project("{2150E333-8FDC-42A3-9474-1A3956D46DE8}") = "1", "1", "{71187752-D98D-4919-8D33-ED4625A09D67}"
EndProject
Project("{2150E333-8FDC-42A3-9474-1A3956D46DE8}") = "2", "2", "{7DFEAE51-4604-4BA3-B61B-6794BAC1F581}"
EndProject
Project("{2150E333-8FDC-42A3-9474-1A3956D46DE8}") = "O", "O", "{C5F0EC4A-AEF8-4333-904D-1CE558CE93EE}"
EndProject
Project("{2150E333-8FDC-42A3-9474-1A3956D46DE8}") = "O", "O", "{F85D1B42-5766-4855-9ED5-D52E0ED97D2F}"
EndProject
Project("{2150E333-8FDC-42A3-9474-1A3956D46DE8}") = "T", "T", "{496A0EA4-990A-4D1A-BBB4-E54EB9819784}"
EndProject
Project("{2150E333-8FDC-42A3-9474-1A3956D46DE8}") = "T", "T", "{41A4B0FA-FD9B-473A-9291-3286DB97078C}"
EndProject
Project("{FAE04EC0-301F-11D3-BF4B-00C04F79EFBC}") = "W01.1.1T02", "W01.1.1T02\W01.1.1T02.csproj", "{5AEA6CD6-B793-4A28-B0F4-1510658FA4B0}"
EndProject
Project("{FAE04EC0-301F-11D3-BF4B-00C04F79EFBC}") = "W01.1.1T01", "W01.1.1T01\W01.1.1T01.csproj", "{D86BD9B5-C443-4DA4-B367-EFDF37130829}"
EndProject
Project("{FAE04EC0-301F-11D3-BF4B-00C04F79EFBC}") = "W00.1.1T01", "W00.1.1T01\W00.1.1T01.csproj", "{8283A87F-767E-48EB-89CB-5BFFF68A6CFC}"
EndProject
Project("{FAE04EC0-301F-11D3-BF4B-00C04F79EFBC}") = "W01.1.1T03", "W01.1.1T03\W01.1.1T03.csproj", "{75414B59-675E-4D19-8E1E-AAD7B153DF82}"
EndProject
Project("{FAE04EC0-301F-11D3-BF4B-00C04F79EFBC}") = "W01.1.1T04", "W01.1.1T04\W01.1.1T04.csproj", "{726C01A1-CE51-4F43-8A34-C152CDD395F3}"
EndProject
Project("{FAE04EC0-301F-11D3-BF4B-00C04F79EFBC}") = "W01.1.1T05", "W01.1.1T05\W01.1.1T05.csproj", "{106BA059-A65D-4F74-82D6-A191211E3DFC}"
EndProject
Project("{FAE04EC0-301F-11D3-BF4B-00C04F79EFBC}") = "W01.1.1T06", "W01.1.1T06\W01.1.1T06.csproj", "{6A7DD35E-B3C1-4380-B62D-3113CE27F026}"
EndProject
Project("{FAE04EC0-301F-11D3-BF4B-00C04F79EFBC}") = "W01.1.1T07", "W01.1.1T07\W01.1.1T07.csproj", "{30C0E6B2-51A0-4695-AB97-C5B04A7568ED}"
EndProject
Project("{FAE04EC0-301F-11D3-BF4B-00C04F79EFBC}") = "W01.1.1T08", "W01.1.1T08\W01.1.1T08.csproj", "{307E229B-F0E1-482F-8687-89D7823E723F}"
EndProject
Project("{FAE04EC0-301F-11D3-BF4B-00C04F79EFBC}") = "W01.1.1T09", "W01.1.1T09\W01.1.1T09.csproj", "{DE12AA29-32D5-4F6B-9405-70AF9D2841E1}"
EndProject
Project("{FAE04EC0-301F-11D3-BF4B-00C04F79EFBC}") = "W01.1.2O01", "W01.1.2O01\W01.1.2O01.csproj", "{63C018AE-E604-423C-A621-2446D558E418}"
EndProject
Project("{FAE04EC0-301F-11D3-BF4B-00C04F79EFBC}") = "W01.1.2O02", "W01.1.2O02\W01.1.2O02.csproj", "{57EBDF1A-CCD5-49AA-9A7A-3424B121EA64}"
EndProject
Project("{FAE04EC0-301F-11D3-BF4B-00C04F79EFBC}") = "W01.1.2O03", "W01.1.2O03\W01.1.2O03.csproj", "{B6749462-5587-43C6-9208-B5225D65AD10}"
EndProject
Project("{FAE04EC0-301F-11D3-BF4B-00C04F79EFBC}") = "W01.1.2O04", "W01.1.2O04\W01.1.2O04.csproj", "{91DFCD09-8682-4246-AA65-6C9E59D00A18}"
EndProject
Project("{FAE04EC0-301F-11D3-BF4B-00C04F79EFBC}") = "W01.1.2O05", "W01.1.2O05\W01.1.2O05.csproj", "{575671CD-DCF7-4EBE-A949-728E75E0CE7B}"
EndProject
Project("{FAE04EC0-301F-11D3-BF4B-00C04F79EFBC}") = "W01.1.2O06", "W01.1.2O06\W01.1.2O06.csproj", "{06429E63-87E5-46A1-83BE-3C169B0E6F53}"
EndProject
Project("{FAE04EC0-301F-11D3-BF4B-00C04F79EFBC}") = "W01.2.1T01", "W01.2.1T01\W01.2.1T01.csproj", "{2F15EA95-F634-4D31-B995-5B4A37D6910F}"
EndProject
Project("{FAE04EC0-301F-11D3-BF4B-00C04F79EFBC}") = "W01.2.1T02", "W01.2.1T02\W01.2.1T02.csproj", "{F4353D2C-518A-4ECD-8746-89650B7F3CD4}"
EndProject
Project("{FAE04EC0-301F-11D3-BF4B-00C04F79EFBC}") = "W01.2.1T03", "W01.2.1T03\W01.2.1T03.csproj", "{776A9B46-E65A-4127-92F8-6ABDB4FE2BEF}"
EndProject
Project("{FAE04EC0-301F-11D3-BF4B-00C04F79EFBC}") = "W01.2.1T04", "W01.2.1T04\W01.2.1T04.csproj", "{E6036AEE-E7B9-4CF7-AF85-F94BD3FE8FD5}"
EndProject
Project("{FAE04EC0-301F-11D3-BF4B-00C04F79EFBC}") = "W01.2.1T05", "W01.2.1T05\W01.2.1T05.csproj", "{3708266D-76DF-4229-AC92-BB6FB6F532F7}"
EndProject
Project("{FAE04EC0-301F-11D3-BF4B-00C04F79EFBC}") = "W01.2.1T06", "W01.2.1T06\W01.2.1T06.csproj", "{4397F994-DF72-4AD7-B7DE-E25C45F3F5E6}"
EndProject
Project("{FAE04EC0-301F-11D3-BF4B-00C04F79EFBC}") = "W01.2.1T07", "W01.2.1T07\W01.2.1T07.csproj", "{29E3C150-CD51-4FCC-B6C6-2881882DD414}"
EndProject
Project("{FAE04EC0-301F-11D3-BF4B-00C04F79EFBC}") = "W01.2.1T08", "W01.2.1T08\W01.2.1T08.csproj", "{7C8084D1-56A5-4B30-9F18-82C94C8FE7B3}"
EndProject
Project("{FAE04EC0-301F-11D3-BF4B-00C04F79EFBC}") = "W01.2.1T09", "W01.2.1T09\W01.2.1T09.csproj", "{0FD2BB2D-9B55-4D98-B76D-CFCDAB0AC5C0}"
EndProject
Project("{FAE04EC0-301F-11D3-BF4B-00C04F79EFBC}") = "W01.2.1T10", "W01.2.1T10\W01.2.1T10.csproj", "{84E585C0-0008-4284-B790-6F7038A59931}"
EndProject
Project("{FAE04EC0-301F-11D3-BF4B-00C04F79EFBC}") = "W01.2.2O01", "W01.2.2O01\W01.2.2O01.csproj", "{B5AD3C6B-FCF7-4CCD-8DB7-EF5A48DAE8B0}"
EndProject
Project("{FAE04EC0-301F-11D3-BF4B-00C04F79EFBC}") = "W01.2.2O02", "W01.2.2O02\W01.2.2O02.csproj", "{A1BE9119-7301-47C9-8B82-1EF2FD345A1D}"
EndProject
Project("{FAE04EC0-301F-11D3-BF4B-00C04F79EFBC}") = "W01.2.2O03", "W01.2.2O03\W01.2.2O03.csproj", "{52D81A20-FF87-4B5C-96A1-542E3D067D33}"
EndProject
Project("{FAE04EC0-301F-11D3-BF4B-00C04F79EFBC}") = "W01.2.2O04", "W01.2.2O04\W01.2.2O04.csproj", "{D8E1444C-6886-428D-A8DC-8BCEF00BCABD}"
EndProject
Project("{FAE04EC0-301F-11D3-BF4B-00C04F79EFBC}") = "W01.2.2O05", "W01.2.2O05\W01.2.2O05.csproj", "{FF38C953-F230-4C0A-BB7D-A4FEDCAFA9EC}"
EndProject
Project("{FAE04EC0-301F-11D3-BF4B-00C04F79EFBC}") = "W01.2.2O06", "W01.2.2O06\W01.2.2O06.csproj", "{8A9E292D-9B45-4562-96AA-59F64C384392}"
EndProject
Project("{FAE04EC0-301F-11D3-BF4B-00C04F79EFBC}") = "W01.2.2O07", "W01.2.2O07\W01.2.2O07.csproj", "{DC60E1C6-AE68-4DF8-9B5D-B1E143B79191}"
EndProject
Project("{FAE04EC0-301F-11D3-BF4B-00C04F79EFBC}") = "W01.2.2O08", "W01.2.2O08\W01.2.2O08.csproj", "{D1CD99BD-9D0B-43FB-A596-0B251BE1820D}"
EndProject
Project("{FAE04EC0-301F-11D3-BF4B-00C04F79EFBC}") = "W01.2.2O09", "W01.2.2O09\W01.2.2O09.csproj", "{59B78543-B830-4E9E-99D5-B5B41174767D}"
EndProject
Project("{FAE04EC0-301F-11D3-BF4B-00C04F79EFBC}") = "W01.2.2O10", "W01.2.2O10\W01.2.2O10.csproj", "{CD8FF84B-6B0C-438B-AB91-5E824D88893C}"
EndProject
Project("{FAE04EC0-301F-11D3-BF4B-00C04F79EFBC}") = "W02.1.2O01", "W02.1.2O01\W02.1.2O01.csproj", "{7B2187F5-F5A1-46E8-A35A-5FE0B63D5822}"
EndProject
Project("{FAE04EC0-301F-11D3-BF4B-00C04F79EFBC}") = "W02.1.2O02", "W02.1.2O02\W02.1.2O02.csproj", "{D584226B-A617-4FBE-A008-2D037A6A1BAC}"
EndProject
Project("{FAE04EC0-301F-11D3-BF4B-00C04F79EFBC}") = "W02.1.2O03", "W02.1.2O03\W02.1.2O03.csproj", "{F2886C83-4F41-44F8-9EB0-D347124E3447}"
EndProject
Project("{FAE04EC0-301F-11D3-BF4B-00C04F79EFBC}") = "W02.1.2O04", "W02.1.2O04\W02.1.2O04.csproj", "{689EE05A-E37F-4250-9908-5E637827579A}"
EndProject
Project("{FAE04EC0-301F-11D3-BF4B-00C04F79EFBC}") = "W02.2.2O01", "W02.2.2O01\W02.2.2O01.csproj", "{EA402265-6B2E-41A4-942B-B7AC63852E46}"
EndProject
Project("{FAE04EC0-301F-11D3-BF4B-00C04F79EFBC}") = "W02.2.2O02", "W02.2.2O02\W02.2.2O02.csproj", "{0A6B0F22-45E2-462C-8F84-0839B5FAF81A}"
EndProject
Project("{FAE04EC0-301F-11D3-BF4B-00C04F79EFBC}") = "W02.2.2O03", "W02.2.2O03\W02.2.2O03.csproj", "{AE4CB8E9-3294-4E5F-BEE1-09A8FB670A71}"
EndProject
Project("{FAE04EC0-301F-11D3-BF4B-00C04F79EFBC}") = "W02.2.2O04", "W02.2.2O04\W02.2.2O04.csproj", "{E0E70479-0202-4E7D-8BBF-615667AE243B}"
EndProject
Project("{FAE04EC0-301F-11D3-BF4B-00C04F79EFBC}") = "W02.1.1T06", "W02.1.1T06\W02.1.1T06.csproj", "{FA837031-756E-4B9D-81E2-CEB2E03BDF57}"
EndProject
Project("{FAE04EC0-301F-11D3-BF4B-00C04F79EFBC}") = "W03.1.2O02", "W03.1.2O02\W03.1.2O02.csproj", "{B65FCA54-FB58-4359-A712-80E70E6266A3}"
EndProject
Project("{FAE04EC0-301F-11D3-BF4B-00C04F79EFBC}") = "W03.1.2O03", "W03.1.2O03\W03.1.2O03.csproj", "{E688149E-9E5F-410A-8F79-221E9107781C}"
EndProject
Project("{FAE04EC0-301F-11D3-BF4B-00C04F79EFBC}") = "W03.1.2O04", "W03.1.2O04\W03.1.2O04.csproj", "{EFFDB6B8-D633-451F-8C81-2629C9754D62}"
EndProject
Project("{FAE04EC0-301F-11D3-BF4B-00C04F79EFBC}") = "W03.1.2O01", "W03.1.2O01\W03.1.2O01.csproj", "{0B71FD44-7155-4D8C-8FBD-DD73A754AFA3}"
EndProject
Project("{2150E333-8FDC-42A3-9474-1A3956D46DE8}") = "W04", "W04", "{BCBBB8C3-D458-4754-88F5-8E6E8B26DA38}"
EndProject
Project("{2150E333-8FDC-42A3-9474-1A3956D46DE8}") = "W05", "W05", "{33E16777-C056-4C13-B32C-6B82AD0E0B50}"
EndProject
Project("{2150E333-8FDC-42A3-9474-1A3956D46DE8}") = "W06", "W06", "{EE72FBA4-92DB-4163-8FA6-ABF5602A38C9}"
EndProject
Project("{2150E333-8FDC-42A3-9474-1A3956D46DE8}") = "W07", "W07", "{D9BF39E2-F7DA-42F8-BDDF-057E00031E8B}"
EndProject
Project("{2150E333-8FDC-42A3-9474-1A3956D46DE8}") = "W08", "W08", "{7FFEF4D7-2E34-4130-A235-809863CCD376}"
EndProject
Project("{2150E333-8FDC-42A3-9474-1A3956D46DE8}") = "Examples folder", "Examples folder", "{ECDBDA95-6101-42A8-96EF-9DCB989DC350}"
EndProject
Project("{FAE04EC0-301F-11D3-BF4B-00C04F79EFBC}") = "Unittesting - Application to test", "W03\2\Examples folder\Unittesting\Unittesting - Application to test.csproj", "{22FFCBA5-8663-4E22-A7BF-0D3297B94D8A}"
EndProject
Project("{FAE04EC0-301F-11D3-BF4B-00C04F79EFBC}") = "Unittesting - Testing application (MSTest)", "W03\2\Examples folder\Unittesting - Testing application (MSTest)\Unittesting - Testing application (MSTest).csproj", "{E774A585-F7A3-4015-B24A-636E9D0A61E5}"
EndProject
Project("{FAE04EC0-301F-11D3-BF4B-00C04F79EFBC}") = "W03.2.2O01", "W03\2\O\W03.2.2O01\W03.2.2O01.csproj", "{2F1E7783-7573-452E-934D-F567001C29DF}"
EndProject
Project("{FAE04EC0-301F-11D3-BF4B-00C04F79EFBC}") = "W03.2.2O02", "W03\2\O\W03.2.2O02\W03.2.2O02.csproj", "{C773F549-BFB3-49EF-BFE4-F604F92137C3}"
EndProject
Project("{FAE04EC0-301F-11D3-BF4B-00C04F79EFBC}") = "W03.2.2O03", "W03\2\O\W03.2.2O03\W03.2.2O03.csproj", "{9298EC6D-96B8-4323-8D27-9C0B8BC15CF5}"
EndProject
Project("{2150E333-8FDC-42A3-9474-1A3956D46DE8}") = "1", "1", "{592A07AA-9ED9-484B-B64F-E3CB5759C400}"
EndProject
Project("{2150E333-8FDC-42A3-9474-1A3956D46DE8}") = "2", "2", "{759FB0B5-46CA-4FC7-B911-E8EB282A60E9}"
EndProject
Project("{2150E333-8FDC-42A3-9474-1A3956D46DE8}") = "O", "O", "{3130A5E3-65BB-421A-BF08-AAC3DAC46F9C}"
EndProject
Project("{2150E333-8FDC-42A3-9474-1A3956D46DE8}") = "T", "T", "{3659AE7B-6547-42A1-904C-1C04A9258FB2}"
EndProject
Project("{2150E333-8FDC-42A3-9474-1A3956D46DE8}") = "O", "O", "{B764EE48-9156-41D2-8C3C-C84DB0AEE3DD}"
EndProject
Project("{2150E333-8FDC-42A3-9474-1A3956D46DE8}") = "T", "T", "{25230CFA-AD35-48E8-B0CC-D7E09E39FBE6}"
EndProject
Project("{FAE04EC0-301F-11D3-BF4B-00C04F79EFBC}") = "W04.1.2O01", "W04\1\O\W04.1.2O01\W04.1.2O01.csproj", "{5CCE8259-EB51-4CB0-A0E1-92F29DD5C73F}"
EndProject
Global
	GlobalSection(SolutionConfigurationPlatforms) = preSolution
		Debug|Any CPU = Debug|Any CPU
		Release|Any CPU = Release|Any CPU
	EndGlobalSection
	GlobalSection(ProjectConfigurationPlatforms) = postSolution
		{5AEA6CD6-B793-4A28-B0F4-1510658FA4B0}.Debug|Any CPU.ActiveCfg = Debug|Any CPU
		{5AEA6CD6-B793-4A28-B0F4-1510658FA4B0}.Debug|Any CPU.Build.0 = Debug|Any CPU
		{5AEA6CD6-B793-4A28-B0F4-1510658FA4B0}.Release|Any CPU.ActiveCfg = Release|Any CPU
		{5AEA6CD6-B793-4A28-B0F4-1510658FA4B0}.Release|Any CPU.Build.0 = Release|Any CPU
		{D86BD9B5-C443-4DA4-B367-EFDF37130829}.Debug|Any CPU.ActiveCfg = Debug|Any CPU
		{D86BD9B5-C443-4DA4-B367-EFDF37130829}.Debug|Any CPU.Build.0 = Debug|Any CPU
		{D86BD9B5-C443-4DA4-B367-EFDF37130829}.Release|Any CPU.ActiveCfg = Release|Any CPU
		{D86BD9B5-C443-4DA4-B367-EFDF37130829}.Release|Any CPU.Build.0 = Release|Any CPU
		{8283A87F-767E-48EB-89CB-5BFFF68A6CFC}.Debug|Any CPU.ActiveCfg = Debug|Any CPU
		{8283A87F-767E-48EB-89CB-5BFFF68A6CFC}.Debug|Any CPU.Build.0 = Debug|Any CPU
		{8283A87F-767E-48EB-89CB-5BFFF68A6CFC}.Release|Any CPU.ActiveCfg = Release|Any CPU
		{8283A87F-767E-48EB-89CB-5BFFF68A6CFC}.Release|Any CPU.Build.0 = Release|Any CPU
		{75414B59-675E-4D19-8E1E-AAD7B153DF82}.Debug|Any CPU.ActiveCfg = Debug|Any CPU
		{75414B59-675E-4D19-8E1E-AAD7B153DF82}.Debug|Any CPU.Build.0 = Debug|Any CPU
		{75414B59-675E-4D19-8E1E-AAD7B153DF82}.Release|Any CPU.ActiveCfg = Release|Any CPU
		{75414B59-675E-4D19-8E1E-AAD7B153DF82}.Release|Any CPU.Build.0 = Release|Any CPU
		{726C01A1-CE51-4F43-8A34-C152CDD395F3}.Debug|Any CPU.ActiveCfg = Debug|Any CPU
		{726C01A1-CE51-4F43-8A34-C152CDD395F3}.Debug|Any CPU.Build.0 = Debug|Any CPU
		{726C01A1-CE51-4F43-8A34-C152CDD395F3}.Release|Any CPU.ActiveCfg = Release|Any CPU
		{726C01A1-CE51-4F43-8A34-C152CDD395F3}.Release|Any CPU.Build.0 = Release|Any CPU
		{106BA059-A65D-4F74-82D6-A191211E3DFC}.Debug|Any CPU.ActiveCfg = Debug|Any CPU
		{106BA059-A65D-4F74-82D6-A191211E3DFC}.Debug|Any CPU.Build.0 = Debug|Any CPU
		{106BA059-A65D-4F74-82D6-A191211E3DFC}.Release|Any CPU.ActiveCfg = Release|Any CPU
		{106BA059-A65D-4F74-82D6-A191211E3DFC}.Release|Any CPU.Build.0 = Release|Any CPU
		{6A7DD35E-B3C1-4380-B62D-3113CE27F026}.Debug|Any CPU.ActiveCfg = Debug|Any CPU
		{6A7DD35E-B3C1-4380-B62D-3113CE27F026}.Debug|Any CPU.Build.0 = Debug|Any CPU
		{6A7DD35E-B3C1-4380-B62D-3113CE27F026}.Release|Any CPU.ActiveCfg = Release|Any CPU
		{6A7DD35E-B3C1-4380-B62D-3113CE27F026}.Release|Any CPU.Build.0 = Release|Any CPU
		{30C0E6B2-51A0-4695-AB97-C5B04A7568ED}.Debug|Any CPU.ActiveCfg = Debug|Any CPU
		{30C0E6B2-51A0-4695-AB97-C5B04A7568ED}.Debug|Any CPU.Build.0 = Debug|Any CPU
		{30C0E6B2-51A0-4695-AB97-C5B04A7568ED}.Release|Any CPU.ActiveCfg = Release|Any CPU
		{30C0E6B2-51A0-4695-AB97-C5B04A7568ED}.Release|Any CPU.Build.0 = Release|Any CPU
		{307E229B-F0E1-482F-8687-89D7823E723F}.Debug|Any CPU.ActiveCfg = Debug|Any CPU
		{307E229B-F0E1-482F-8687-89D7823E723F}.Debug|Any CPU.Build.0 = Debug|Any CPU
		{307E229B-F0E1-482F-8687-89D7823E723F}.Release|Any CPU.ActiveCfg = Release|Any CPU
		{307E229B-F0E1-482F-8687-89D7823E723F}.Release|Any CPU.Build.0 = Release|Any CPU
		{DE12AA29-32D5-4F6B-9405-70AF9D2841E1}.Debug|Any CPU.ActiveCfg = Debug|Any CPU
		{DE12AA29-32D5-4F6B-9405-70AF9D2841E1}.Debug|Any CPU.Build.0 = Debug|Any CPU
		{DE12AA29-32D5-4F6B-9405-70AF9D2841E1}.Release|Any CPU.ActiveCfg = Release|Any CPU
		{DE12AA29-32D5-4F6B-9405-70AF9D2841E1}.Release|Any CPU.Build.0 = Release|Any CPU
		{63C018AE-E604-423C-A621-2446D558E418}.Debug|Any CPU.ActiveCfg = Debug|Any CPU
		{63C018AE-E604-423C-A621-2446D558E418}.Debug|Any CPU.Build.0 = Debug|Any CPU
		{63C018AE-E604-423C-A621-2446D558E418}.Release|Any CPU.ActiveCfg = Release|Any CPU
		{63C018AE-E604-423C-A621-2446D558E418}.Release|Any CPU.Build.0 = Release|Any CPU
		{57EBDF1A-CCD5-49AA-9A7A-3424B121EA64}.Debug|Any CPU.ActiveCfg = Debug|Any CPU
		{57EBDF1A-CCD5-49AA-9A7A-3424B121EA64}.Debug|Any CPU.Build.0 = Debug|Any CPU
		{57EBDF1A-CCD5-49AA-9A7A-3424B121EA64}.Release|Any CPU.ActiveCfg = Release|Any CPU
		{57EBDF1A-CCD5-49AA-9A7A-3424B121EA64}.Release|Any CPU.Build.0 = Release|Any CPU
		{B6749462-5587-43C6-9208-B5225D65AD10}.Debug|Any CPU.ActiveCfg = Debug|Any CPU
		{B6749462-5587-43C6-9208-B5225D65AD10}.Debug|Any CPU.Build.0 = Debug|Any CPU
		{B6749462-5587-43C6-9208-B5225D65AD10}.Release|Any CPU.ActiveCfg = Release|Any CPU
		{B6749462-5587-43C6-9208-B5225D65AD10}.Release|Any CPU.Build.0 = Release|Any CPU
		{91DFCD09-8682-4246-AA65-6C9E59D00A18}.Debug|Any CPU.ActiveCfg = Debug|Any CPU
		{91DFCD09-8682-4246-AA65-6C9E59D00A18}.Debug|Any CPU.Build.0 = Debug|Any CPU
		{91DFCD09-8682-4246-AA65-6C9E59D00A18}.Release|Any CPU.ActiveCfg = Release|Any CPU
		{91DFCD09-8682-4246-AA65-6C9E59D00A18}.Release|Any CPU.Build.0 = Release|Any CPU
		{575671CD-DCF7-4EBE-A949-728E75E0CE7B}.Debug|Any CPU.ActiveCfg = Debug|Any CPU
		{575671CD-DCF7-4EBE-A949-728E75E0CE7B}.Debug|Any CPU.Build.0 = Debug|Any CPU
		{575671CD-DCF7-4EBE-A949-728E75E0CE7B}.Release|Any CPU.ActiveCfg = Release|Any CPU
		{575671CD-DCF7-4EBE-A949-728E75E0CE7B}.Release|Any CPU.Build.0 = Release|Any CPU
		{06429E63-87E5-46A1-83BE-3C169B0E6F53}.Debug|Any CPU.ActiveCfg = Debug|Any CPU
		{06429E63-87E5-46A1-83BE-3C169B0E6F53}.Debug|Any CPU.Build.0 = Debug|Any CPU
		{06429E63-87E5-46A1-83BE-3C169B0E6F53}.Release|Any CPU.ActiveCfg = Release|Any CPU
		{06429E63-87E5-46A1-83BE-3C169B0E6F53}.Release|Any CPU.Build.0 = Release|Any CPU
		{2F15EA95-F634-4D31-B995-5B4A37D6910F}.Debug|Any CPU.ActiveCfg = Debug|Any CPU
		{2F15EA95-F634-4D31-B995-5B4A37D6910F}.Debug|Any CPU.Build.0 = Debug|Any CPU
		{2F15EA95-F634-4D31-B995-5B4A37D6910F}.Release|Any CPU.ActiveCfg = Release|Any CPU
		{2F15EA95-F634-4D31-B995-5B4A37D6910F}.Release|Any CPU.Build.0 = Release|Any CPU
		{F4353D2C-518A-4ECD-8746-89650B7F3CD4}.Debug|Any CPU.ActiveCfg = Debug|Any CPU
		{F4353D2C-518A-4ECD-8746-89650B7F3CD4}.Debug|Any CPU.Build.0 = Debug|Any CPU
		{F4353D2C-518A-4ECD-8746-89650B7F3CD4}.Release|Any CPU.ActiveCfg = Release|Any CPU
		{F4353D2C-518A-4ECD-8746-89650B7F3CD4}.Release|Any CPU.Build.0 = Release|Any CPU
		{776A9B46-E65A-4127-92F8-6ABDB4FE2BEF}.Debug|Any CPU.ActiveCfg = Debug|Any CPU
		{776A9B46-E65A-4127-92F8-6ABDB4FE2BEF}.Debug|Any CPU.Build.0 = Debug|Any CPU
		{776A9B46-E65A-4127-92F8-6ABDB4FE2BEF}.Release|Any CPU.ActiveCfg = Release|Any CPU
		{776A9B46-E65A-4127-92F8-6ABDB4FE2BEF}.Release|Any CPU.Build.0 = Release|Any CPU
		{E6036AEE-E7B9-4CF7-AF85-F94BD3FE8FD5}.Debug|Any CPU.ActiveCfg = Debug|Any CPU
		{E6036AEE-E7B9-4CF7-AF85-F94BD3FE8FD5}.Debug|Any CPU.Build.0 = Debug|Any CPU
		{E6036AEE-E7B9-4CF7-AF85-F94BD3FE8FD5}.Release|Any CPU.ActiveCfg = Release|Any CPU
		{E6036AEE-E7B9-4CF7-AF85-F94BD3FE8FD5}.Release|Any CPU.Build.0 = Release|Any CPU
		{3708266D-76DF-4229-AC92-BB6FB6F532F7}.Debug|Any CPU.ActiveCfg = Debug|Any CPU
		{3708266D-76DF-4229-AC92-BB6FB6F532F7}.Debug|Any CPU.Build.0 = Debug|Any CPU
		{3708266D-76DF-4229-AC92-BB6FB6F532F7}.Release|Any CPU.ActiveCfg = Release|Any CPU
		{3708266D-76DF-4229-AC92-BB6FB6F532F7}.Release|Any CPU.Build.0 = Release|Any CPU
		{4397F994-DF72-4AD7-B7DE-E25C45F3F5E6}.Debug|Any CPU.ActiveCfg = Debug|Any CPU
		{4397F994-DF72-4AD7-B7DE-E25C45F3F5E6}.Debug|Any CPU.Build.0 = Debug|Any CPU
		{4397F994-DF72-4AD7-B7DE-E25C45F3F5E6}.Release|Any CPU.ActiveCfg = Release|Any CPU
		{4397F994-DF72-4AD7-B7DE-E25C45F3F5E6}.Release|Any CPU.Build.0 = Release|Any CPU
		{29E3C150-CD51-4FCC-B6C6-2881882DD414}.Debug|Any CPU.ActiveCfg = Debug|Any CPU
		{29E3C150-CD51-4FCC-B6C6-2881882DD414}.Debug|Any CPU.Build.0 = Debug|Any CPU
		{29E3C150-CD51-4FCC-B6C6-2881882DD414}.Release|Any CPU.ActiveCfg = Release|Any CPU
		{29E3C150-CD51-4FCC-B6C6-2881882DD414}.Release|Any CPU.Build.0 = Release|Any CPU
		{7C8084D1-56A5-4B30-9F18-82C94C8FE7B3}.Debug|Any CPU.ActiveCfg = Debug|Any CPU
		{7C8084D1-56A5-4B30-9F18-82C94C8FE7B3}.Debug|Any CPU.Build.0 = Debug|Any CPU
		{7C8084D1-56A5-4B30-9F18-82C94C8FE7B3}.Release|Any CPU.ActiveCfg = Release|Any CPU
		{7C8084D1-56A5-4B30-9F18-82C94C8FE7B3}.Release|Any CPU.Build.0 = Release|Any CPU
		{0FD2BB2D-9B55-4D98-B76D-CFCDAB0AC5C0}.Debug|Any CPU.ActiveCfg = Debug|Any CPU
		{0FD2BB2D-9B55-4D98-B76D-CFCDAB0AC5C0}.Debug|Any CPU.Build.0 = Debug|Any CPU
		{0FD2BB2D-9B55-4D98-B76D-CFCDAB0AC5C0}.Release|Any CPU.ActiveCfg = Release|Any CPU
		{0FD2BB2D-9B55-4D98-B76D-CFCDAB0AC5C0}.Release|Any CPU.Build.0 = Release|Any CPU
		{84E585C0-0008-4284-B790-6F7038A59931}.Debug|Any CPU.ActiveCfg = Debug|Any CPU
		{84E585C0-0008-4284-B790-6F7038A59931}.Debug|Any CPU.Build.0 = Debug|Any CPU
		{84E585C0-0008-4284-B790-6F7038A59931}.Release|Any CPU.ActiveCfg = Release|Any CPU
		{84E585C0-0008-4284-B790-6F7038A59931}.Release|Any CPU.Build.0 = Release|Any CPU
		{B5AD3C6B-FCF7-4CCD-8DB7-EF5A48DAE8B0}.Debug|Any CPU.ActiveCfg = Debug|Any CPU
		{B5AD3C6B-FCF7-4CCD-8DB7-EF5A48DAE8B0}.Debug|Any CPU.Build.0 = Debug|Any CPU
		{B5AD3C6B-FCF7-4CCD-8DB7-EF5A48DAE8B0}.Release|Any CPU.ActiveCfg = Release|Any CPU
		{B5AD3C6B-FCF7-4CCD-8DB7-EF5A48DAE8B0}.Release|Any CPU.Build.0 = Release|Any CPU
		{A1BE9119-7301-47C9-8B82-1EF2FD345A1D}.Debug|Any CPU.ActiveCfg = Debug|Any CPU
		{A1BE9119-7301-47C9-8B82-1EF2FD345A1D}.Debug|Any CPU.Build.0 = Debug|Any CPU
		{A1BE9119-7301-47C9-8B82-1EF2FD345A1D}.Release|Any CPU.ActiveCfg = Release|Any CPU
		{A1BE9119-7301-47C9-8B82-1EF2FD345A1D}.Release|Any CPU.Build.0 = Release|Any CPU
		{52D81A20-FF87-4B5C-96A1-542E3D067D33}.Debug|Any CPU.ActiveCfg = Debug|Any CPU
		{52D81A20-FF87-4B5C-96A1-542E3D067D33}.Debug|Any CPU.Build.0 = Debug|Any CPU
		{52D81A20-FF87-4B5C-96A1-542E3D067D33}.Release|Any CPU.ActiveCfg = Release|Any CPU
		{52D81A20-FF87-4B5C-96A1-542E3D067D33}.Release|Any CPU.Build.0 = Release|Any CPU
		{D8E1444C-6886-428D-A8DC-8BCEF00BCABD}.Debug|Any CPU.ActiveCfg = Debug|Any CPU
		{D8E1444C-6886-428D-A8DC-8BCEF00BCABD}.Debug|Any CPU.Build.0 = Debug|Any CPU
		{D8E1444C-6886-428D-A8DC-8BCEF00BCABD}.Release|Any CPU.ActiveCfg = Release|Any CPU
		{D8E1444C-6886-428D-A8DC-8BCEF00BCABD}.Release|Any CPU.Build.0 = Release|Any CPU
		{FF38C953-F230-4C0A-BB7D-A4FEDCAFA9EC}.Debug|Any CPU.ActiveCfg = Debug|Any CPU
		{FF38C953-F230-4C0A-BB7D-A4FEDCAFA9EC}.Debug|Any CPU.Build.0 = Debug|Any CPU
		{FF38C953-F230-4C0A-BB7D-A4FEDCAFA9EC}.Release|Any CPU.ActiveCfg = Release|Any CPU
		{FF38C953-F230-4C0A-BB7D-A4FEDCAFA9EC}.Release|Any CPU.Build.0 = Release|Any CPU
		{8A9E292D-9B45-4562-96AA-59F64C384392}.Debug|Any CPU.ActiveCfg = Debug|Any CPU
		{8A9E292D-9B45-4562-96AA-59F64C384392}.Debug|Any CPU.Build.0 = Debug|Any CPU
		{8A9E292D-9B45-4562-96AA-59F64C384392}.Release|Any CPU.ActiveCfg = Release|Any CPU
		{8A9E292D-9B45-4562-96AA-59F64C384392}.Release|Any CPU.Build.0 = Release|Any CPU
		{DC60E1C6-AE68-4DF8-9B5D-B1E143B79191}.Debug|Any CPU.ActiveCfg = Debug|Any CPU
		{DC60E1C6-AE68-4DF8-9B5D-B1E143B79191}.Debug|Any CPU.Build.0 = Debug|Any CPU
		{DC60E1C6-AE68-4DF8-9B5D-B1E143B79191}.Release|Any CPU.ActiveCfg = Release|Any CPU
		{DC60E1C6-AE68-4DF8-9B5D-B1E143B79191}.Release|Any CPU.Build.0 = Release|Any CPU
		{D1CD99BD-9D0B-43FB-A596-0B251BE1820D}.Debug|Any CPU.ActiveCfg = Debug|Any CPU
		{D1CD99BD-9D0B-43FB-A596-0B251BE1820D}.Debug|Any CPU.Build.0 = Debug|Any CPU
		{D1CD99BD-9D0B-43FB-A596-0B251BE1820D}.Release|Any CPU.ActiveCfg = Release|Any CPU
		{D1CD99BD-9D0B-43FB-A596-0B251BE1820D}.Release|Any CPU.Build.0 = Release|Any CPU
		{59B78543-B830-4E9E-99D5-B5B41174767D}.Debug|Any CPU.ActiveCfg = Debug|Any CPU
		{59B78543-B830-4E9E-99D5-B5B41174767D}.Debug|Any CPU.Build.0 = Debug|Any CPU
		{59B78543-B830-4E9E-99D5-B5B41174767D}.Release|Any CPU.ActiveCfg = Release|Any CPU
		{59B78543-B830-4E9E-99D5-B5B41174767D}.Release|Any CPU.Build.0 = Release|Any CPU
		{CD8FF84B-6B0C-438B-AB91-5E824D88893C}.Debug|Any CPU.ActiveCfg = Debug|Any CPU
		{CD8FF84B-6B0C-438B-AB91-5E824D88893C}.Debug|Any CPU.Build.0 = Debug|Any CPU
		{CD8FF84B-6B0C-438B-AB91-5E824D88893C}.Release|Any CPU.ActiveCfg = Release|Any CPU
		{CD8FF84B-6B0C-438B-AB91-5E824D88893C}.Release|Any CPU.Build.0 = Release|Any CPU
		{7B2187F5-F5A1-46E8-A35A-5FE0B63D5822}.Debug|Any CPU.ActiveCfg = Debug|Any CPU
		{7B2187F5-F5A1-46E8-A35A-5FE0B63D5822}.Debug|Any CPU.Build.0 = Debug|Any CPU
		{7B2187F5-F5A1-46E8-A35A-5FE0B63D5822}.Release|Any CPU.ActiveCfg = Release|Any CPU
		{7B2187F5-F5A1-46E8-A35A-5FE0B63D5822}.Release|Any CPU.Build.0 = Release|Any CPU
		{D584226B-A617-4FBE-A008-2D037A6A1BAC}.Debug|Any CPU.ActiveCfg = Debug|Any CPU
		{D584226B-A617-4FBE-A008-2D037A6A1BAC}.Debug|Any CPU.Build.0 = Debug|Any CPU
		{D584226B-A617-4FBE-A008-2D037A6A1BAC}.Release|Any CPU.ActiveCfg = Release|Any CPU
		{D584226B-A617-4FBE-A008-2D037A6A1BAC}.Release|Any CPU.Build.0 = Release|Any CPU
		{F2886C83-4F41-44F8-9EB0-D347124E3447}.Debug|Any CPU.ActiveCfg = Debug|Any CPU
		{F2886C83-4F41-44F8-9EB0-D347124E3447}.Debug|Any CPU.Build.0 = Debug|Any CPU
		{F2886C83-4F41-44F8-9EB0-D347124E3447}.Release|Any CPU.ActiveCfg = Release|Any CPU
		{F2886C83-4F41-44F8-9EB0-D347124E3447}.Release|Any CPU.Build.0 = Release|Any CPU
		{689EE05A-E37F-4250-9908-5E637827579A}.Debug|Any CPU.ActiveCfg = Debug|Any CPU
		{689EE05A-E37F-4250-9908-5E637827579A}.Debug|Any CPU.Build.0 = Debug|Any CPU
		{689EE05A-E37F-4250-9908-5E637827579A}.Release|Any CPU.ActiveCfg = Release|Any CPU
		{689EE05A-E37F-4250-9908-5E637827579A}.Release|Any CPU.Build.0 = Release|Any CPU
		{EA402265-6B2E-41A4-942B-B7AC63852E46}.Debug|Any CPU.ActiveCfg = Debug|Any CPU
		{EA402265-6B2E-41A4-942B-B7AC63852E46}.Debug|Any CPU.Build.0 = Debug|Any CPU
		{EA402265-6B2E-41A4-942B-B7AC63852E46}.Release|Any CPU.ActiveCfg = Release|Any CPU
		{EA402265-6B2E-41A4-942B-B7AC63852E46}.Release|Any CPU.Build.0 = Release|Any CPU
		{0A6B0F22-45E2-462C-8F84-0839B5FAF81A}.Debug|Any CPU.ActiveCfg = Debug|Any CPU
		{0A6B0F22-45E2-462C-8F84-0839B5FAF81A}.Debug|Any CPU.Build.0 = Debug|Any CPU
		{0A6B0F22-45E2-462C-8F84-0839B5FAF81A}.Release|Any CPU.ActiveCfg = Release|Any CPU
		{0A6B0F22-45E2-462C-8F84-0839B5FAF81A}.Release|Any CPU.Build.0 = Release|Any CPU
		{AE4CB8E9-3294-4E5F-BEE1-09A8FB670A71}.Debug|Any CPU.ActiveCfg = Debug|Any CPU
		{AE4CB8E9-3294-4E5F-BEE1-09A8FB670A71}.Debug|Any CPU.Build.0 = Debug|Any CPU
		{AE4CB8E9-3294-4E5F-BEE1-09A8FB670A71}.Release|Any CPU.ActiveCfg = Release|Any CPU
		{AE4CB8E9-3294-4E5F-BEE1-09A8FB670A71}.Release|Any CPU.Build.0 = Release|Any CPU
		{E0E70479-0202-4E7D-8BBF-615667AE243B}.Debug|Any CPU.ActiveCfg = Debug|Any CPU
		{E0E70479-0202-4E7D-8BBF-615667AE243B}.Debug|Any CPU.Build.0 = Debug|Any CPU
		{E0E70479-0202-4E7D-8BBF-615667AE243B}.Release|Any CPU.ActiveCfg = Release|Any CPU
		{E0E70479-0202-4E7D-8BBF-615667AE243B}.Release|Any CPU.Build.0 = Release|Any CPU
		{FA837031-756E-4B9D-81E2-CEB2E03BDF57}.Debug|Any CPU.ActiveCfg = Debug|Any CPU
		{FA837031-756E-4B9D-81E2-CEB2E03BDF57}.Debug|Any CPU.Build.0 = Debug|Any CPU
		{FA837031-756E-4B9D-81E2-CEB2E03BDF57}.Release|Any CPU.ActiveCfg = Release|Any CPU
		{FA837031-756E-4B9D-81E2-CEB2E03BDF57}.Release|Any CPU.Build.0 = Release|Any CPU
		{B65FCA54-FB58-4359-A712-80E70E6266A3}.Debug|Any CPU.ActiveCfg = Debug|Any CPU
		{B65FCA54-FB58-4359-A712-80E70E6266A3}.Debug|Any CPU.Build.0 = Debug|Any CPU
		{B65FCA54-FB58-4359-A712-80E70E6266A3}.Release|Any CPU.ActiveCfg = Release|Any CPU
		{B65FCA54-FB58-4359-A712-80E70E6266A3}.Release|Any CPU.Build.0 = Release|Any CPU
		{E688149E-9E5F-410A-8F79-221E9107781C}.Debug|Any CPU.ActiveCfg = Debug|Any CPU
		{E688149E-9E5F-410A-8F79-221E9107781C}.Debug|Any CPU.Build.0 = Debug|Any CPU
		{E688149E-9E5F-410A-8F79-221E9107781C}.Release|Any CPU.ActiveCfg = Release|Any CPU
		{E688149E-9E5F-410A-8F79-221E9107781C}.Release|Any CPU.Build.0 = Release|Any CPU
		{EFFDB6B8-D633-451F-8C81-2629C9754D62}.Debug|Any CPU.ActiveCfg = Debug|Any CPU
		{EFFDB6B8-D633-451F-8C81-2629C9754D62}.Debug|Any CPU.Build.0 = Debug|Any CPU
		{EFFDB6B8-D633-451F-8C81-2629C9754D62}.Release|Any CPU.ActiveCfg = Release|Any CPU
		{EFFDB6B8-D633-451F-8C81-2629C9754D62}.Release|Any CPU.Build.0 = Release|Any CPU
		{0B71FD44-7155-4D8C-8FBD-DD73A754AFA3}.Debug|Any CPU.ActiveCfg = Debug|Any CPU
		{0B71FD44-7155-4D8C-8FBD-DD73A754AFA3}.Debug|Any CPU.Build.0 = Debug|Any CPU
		{0B71FD44-7155-4D8C-8FBD-DD73A754AFA3}.Release|Any CPU.ActiveCfg = Release|Any CPU
		{0B71FD44-7155-4D8C-8FBD-DD73A754AFA3}.Release|Any CPU.Build.0 = Release|Any CPU
		{22FFCBA5-8663-4E22-A7BF-0D3297B94D8A}.Debug|Any CPU.ActiveCfg = Debug|Any CPU
		{22FFCBA5-8663-4E22-A7BF-0D3297B94D8A}.Debug|Any CPU.Build.0 = Debug|Any CPU
		{22FFCBA5-8663-4E22-A7BF-0D3297B94D8A}.Release|Any CPU.ActiveCfg = Release|Any CPU
		{22FFCBA5-8663-4E22-A7BF-0D3297B94D8A}.Release|Any CPU.Build.0 = Release|Any CPU
		{E774A585-F7A3-4015-B24A-636E9D0A61E5}.Debug|Any CPU.ActiveCfg = Debug|Any CPU
		{E774A585-F7A3-4015-B24A-636E9D0A61E5}.Debug|Any CPU.Build.0 = Debug|Any CPU
		{E774A585-F7A3-4015-B24A-636E9D0A61E5}.Release|Any CPU.ActiveCfg = Release|Any CPU
		{E774A585-F7A3-4015-B24A-636E9D0A61E5}.Release|Any CPU.Build.0 = Release|Any CPU
		{2F1E7783-7573-452E-934D-F567001C29DF}.Debug|Any CPU.ActiveCfg = Debug|Any CPU
		{2F1E7783-7573-452E-934D-F567001C29DF}.Debug|Any CPU.Build.0 = Debug|Any CPU
		{2F1E7783-7573-452E-934D-F567001C29DF}.Release|Any CPU.ActiveCfg = Release|Any CPU
		{2F1E7783-7573-452E-934D-F567001C29DF}.Release|Any CPU.Build.0 = Release|Any CPU
		{C773F549-BFB3-49EF-BFE4-F604F92137C3}.Debug|Any CPU.ActiveCfg = Debug|Any CPU
		{C773F549-BFB3-49EF-BFE4-F604F92137C3}.Debug|Any CPU.Build.0 = Debug|Any CPU
		{C773F549-BFB3-49EF-BFE4-F604F92137C3}.Release|Any CPU.ActiveCfg = Release|Any CPU
		{C773F549-BFB3-49EF-BFE4-F604F92137C3}.Release|Any CPU.Build.0 = Release|Any CPU
		{9298EC6D-96B8-4323-8D27-9C0B8BC15CF5}.Debug|Any CPU.ActiveCfg = Debug|Any CPU
		{9298EC6D-96B8-4323-8D27-9C0B8BC15CF5}.Debug|Any CPU.Build.0 = Debug|Any CPU
		{9298EC6D-96B8-4323-8D27-9C0B8BC15CF5}.Release|Any CPU.ActiveCfg = Release|Any CPU
		{9298EC6D-96B8-4323-8D27-9C0B8BC15CF5}.Release|Any CPU.Build.0 = Release|Any CPU
		{5CCE8259-EB51-4CB0-A0E1-92F29DD5C73F}.Debug|Any CPU.ActiveCfg = Debug|Any CPU
		{5CCE8259-EB51-4CB0-A0E1-92F29DD5C73F}.Debug|Any CPU.Build.0 = Debug|Any CPU
		{5CCE8259-EB51-4CB0-A0E1-92F29DD5C73F}.Release|Any CPU.ActiveCfg = Release|Any CPU
		{5CCE8259-EB51-4CB0-A0E1-92F29DD5C73F}.Release|Any CPU.Build.0 = Release|Any CPU
	EndGlobalSection
	GlobalSection(SolutionProperties) = preSolution
		HideSolutionNode = FALSE
	EndGlobalSection
	GlobalSection(NestedProjects) = preSolution
		{77FD04C4-E0DF-41D5-B5A1-9752A2F8EFE4} = {E9AE86AF-A4F4-4CDD-B0E6-FCD6E0599AB7}
		{0F5068FD-E98A-4D2E-B3C9-420E53369B34} = {77FD04C4-E0DF-41D5-B5A1-9752A2F8EFE4}
		{889B19BA-D521-4A71-8005-C157E312AC9B} = {4CE97DE8-C4FE-47C0-8DF1-469854706A6E}
		{9DCE75AF-E41A-4566-9206-26FF8D8B9CBA} = {4CE97DE8-C4FE-47C0-8DF1-469854706A6E}
		{8B09B56E-2473-4A74-92F5-244D571726C0} = {889B19BA-D521-4A71-8005-C157E312AC9B}
		{BAFAB081-1250-4361-B8C6-2404EBA9A0A8} = {889B19BA-D521-4A71-8005-C157E312AC9B}
		{0DE18BB5-52EA-4BB0-B956-D1C9FBED1E46} = {9DCE75AF-E41A-4566-9206-26FF8D8B9CBA}
		{867441A4-F1F8-4A77-8EB4-B4662DF904BB} = {9DCE75AF-E41A-4566-9206-26FF8D8B9CBA}
		{F34EC28F-2A53-4F5E-8675-241642832C62} = {56E3AEB2-FD89-4E7F-8269-C7C17B8F504B}
		{EF637B22-BFD3-4470-941F-778D26FEF8C1} = {56E3AEB2-FD89-4E7F-8269-C7C17B8F504B}
		{58AE5990-1CF0-453B-AA2C-DFDF5D323B74} = {F34EC28F-2A53-4F5E-8675-241642832C62}
		{D303ADBD-A1BF-4F89-AA0A-C6B642A2F64A} = {F34EC28F-2A53-4F5E-8675-241642832C62}
		{CCF62DD5-553B-4E54-8491-F83BCCFB85E8} = {EF637B22-BFD3-4470-941F-778D26FEF8C1}
		{7B0A9042-FCA9-4372-B8E2-036768857A54} = {EF637B22-BFD3-4470-941F-778D26FEF8C1}
		{71187752-D98D-4919-8D33-ED4625A09D67} = {CA6E6F2F-6DAC-4691-9CB3-816E058DA1D7}
		{7DFEAE51-4604-4BA3-B61B-6794BAC1F581} = {CA6E6F2F-6DAC-4691-9CB3-816E058DA1D7}
		{C5F0EC4A-AEF8-4333-904D-1CE558CE93EE} = {71187752-D98D-4919-8D33-ED4625A09D67}
		{F85D1B42-5766-4855-9ED5-D52E0ED97D2F} = {7DFEAE51-4604-4BA3-B61B-6794BAC1F581}
		{496A0EA4-990A-4D1A-BBB4-E54EB9819784} = {71187752-D98D-4919-8D33-ED4625A09D67}
		{41A4B0FA-FD9B-473A-9291-3286DB97078C} = {7DFEAE51-4604-4BA3-B61B-6794BAC1F581}
		{5AEA6CD6-B793-4A28-B0F4-1510658FA4B0} = {8B09B56E-2473-4A74-92F5-244D571726C0}
		{D86BD9B5-C443-4DA4-B367-EFDF37130829} = {8B09B56E-2473-4A74-92F5-244D571726C0}
		{8283A87F-767E-48EB-89CB-5BFFF68A6CFC} = {0F5068FD-E98A-4D2E-B3C9-420E53369B34}
		{75414B59-675E-4D19-8E1E-AAD7B153DF82} = {8B09B56E-2473-4A74-92F5-244D571726C0}
		{726C01A1-CE51-4F43-8A34-C152CDD395F3} = {8B09B56E-2473-4A74-92F5-244D571726C0}
		{106BA059-A65D-4F74-82D6-A191211E3DFC} = {8B09B56E-2473-4A74-92F5-244D571726C0}
		{6A7DD35E-B3C1-4380-B62D-3113CE27F026} = {8B09B56E-2473-4A74-92F5-244D571726C0}
		{30C0E6B2-51A0-4695-AB97-C5B04A7568ED} = {8B09B56E-2473-4A74-92F5-244D571726C0}
		{307E229B-F0E1-482F-8687-89D7823E723F} = {8B09B56E-2473-4A74-92F5-244D571726C0}
		{DE12AA29-32D5-4F6B-9405-70AF9D2841E1} = {8B09B56E-2473-4A74-92F5-244D571726C0}
		{63C018AE-E604-423C-A621-2446D558E418} = {BAFAB081-1250-4361-B8C6-2404EBA9A0A8}
		{57EBDF1A-CCD5-49AA-9A7A-3424B121EA64} = {BAFAB081-1250-4361-B8C6-2404EBA9A0A8}
		{B6749462-5587-43C6-9208-B5225D65AD10} = {BAFAB081-1250-4361-B8C6-2404EBA9A0A8}
		{91DFCD09-8682-4246-AA65-6C9E59D00A18} = {BAFAB081-1250-4361-B8C6-2404EBA9A0A8}
		{575671CD-DCF7-4EBE-A949-728E75E0CE7B} = {BAFAB081-1250-4361-B8C6-2404EBA9A0A8}
		{06429E63-87E5-46A1-83BE-3C169B0E6F53} = {BAFAB081-1250-4361-B8C6-2404EBA9A0A8}
		{2F15EA95-F634-4D31-B995-5B4A37D6910F} = {0DE18BB5-52EA-4BB0-B956-D1C9FBED1E46}
		{F4353D2C-518A-4ECD-8746-89650B7F3CD4} = {0DE18BB5-52EA-4BB0-B956-D1C9FBED1E46}
		{776A9B46-E65A-4127-92F8-6ABDB4FE2BEF} = {0DE18BB5-52EA-4BB0-B956-D1C9FBED1E46}
		{E6036AEE-E7B9-4CF7-AF85-F94BD3FE8FD5} = {0DE18BB5-52EA-4BB0-B956-D1C9FBED1E46}
		{3708266D-76DF-4229-AC92-BB6FB6F532F7} = {0DE18BB5-52EA-4BB0-B956-D1C9FBED1E46}
		{4397F994-DF72-4AD7-B7DE-E25C45F3F5E6} = {0DE18BB5-52EA-4BB0-B956-D1C9FBED1E46}
		{29E3C150-CD51-4FCC-B6C6-2881882DD414} = {0DE18BB5-52EA-4BB0-B956-D1C9FBED1E46}
		{7C8084D1-56A5-4B30-9F18-82C94C8FE7B3} = {0DE18BB5-52EA-4BB0-B956-D1C9FBED1E46}
		{0FD2BB2D-9B55-4D98-B76D-CFCDAB0AC5C0} = {0DE18BB5-52EA-4BB0-B956-D1C9FBED1E46}
		{84E585C0-0008-4284-B790-6F7038A59931} = {0DE18BB5-52EA-4BB0-B956-D1C9FBED1E46}
		{B5AD3C6B-FCF7-4CCD-8DB7-EF5A48DAE8B0} = {867441A4-F1F8-4A77-8EB4-B4662DF904BB}
		{A1BE9119-7301-47C9-8B82-1EF2FD345A1D} = {867441A4-F1F8-4A77-8EB4-B4662DF904BB}
		{52D81A20-FF87-4B5C-96A1-542E3D067D33} = {867441A4-F1F8-4A77-8EB4-B4662DF904BB}
		{D8E1444C-6886-428D-A8DC-8BCEF00BCABD} = {867441A4-F1F8-4A77-8EB4-B4662DF904BB}
		{FF38C953-F230-4C0A-BB7D-A4FEDCAFA9EC} = {867441A4-F1F8-4A77-8EB4-B4662DF904BB}
		{8A9E292D-9B45-4562-96AA-59F64C384392} = {867441A4-F1F8-4A77-8EB4-B4662DF904BB}
		{DC60E1C6-AE68-4DF8-9B5D-B1E143B79191} = {867441A4-F1F8-4A77-8EB4-B4662DF904BB}
		{D1CD99BD-9D0B-43FB-A596-0B251BE1820D} = {867441A4-F1F8-4A77-8EB4-B4662DF904BB}
		{59B78543-B830-4E9E-99D5-B5B41174767D} = {867441A4-F1F8-4A77-8EB4-B4662DF904BB}
		{CD8FF84B-6B0C-438B-AB91-5E824D88893C} = {867441A4-F1F8-4A77-8EB4-B4662DF904BB}
		{7B2187F5-F5A1-46E8-A35A-5FE0B63D5822} = {D303ADBD-A1BF-4F89-AA0A-C6B642A2F64A}
		{D584226B-A617-4FBE-A008-2D037A6A1BAC} = {D303ADBD-A1BF-4F89-AA0A-C6B642A2F64A}
		{F2886C83-4F41-44F8-9EB0-D347124E3447} = {D303ADBD-A1BF-4F89-AA0A-C6B642A2F64A}
		{689EE05A-E37F-4250-9908-5E637827579A} = {D303ADBD-A1BF-4F89-AA0A-C6B642A2F64A}
		{EA402265-6B2E-41A4-942B-B7AC63852E46} = {7B0A9042-FCA9-4372-B8E2-036768857A54}
		{0A6B0F22-45E2-462C-8F84-0839B5FAF81A} = {7B0A9042-FCA9-4372-B8E2-036768857A54}
		{AE4CB8E9-3294-4E5F-BEE1-09A8FB670A71} = {7B0A9042-FCA9-4372-B8E2-036768857A54}
		{E0E70479-0202-4E7D-8BBF-615667AE243B} = {7B0A9042-FCA9-4372-B8E2-036768857A54}
		{FA837031-756E-4B9D-81E2-CEB2E03BDF57} = {58AE5990-1CF0-453B-AA2C-DFDF5D323B74}
		{B65FCA54-FB58-4359-A712-80E70E6266A3} = {C5F0EC4A-AEF8-4333-904D-1CE558CE93EE}
		{E688149E-9E5F-410A-8F79-221E9107781C} = {C5F0EC4A-AEF8-4333-904D-1CE558CE93EE}
		{EFFDB6B8-D633-451F-8C81-2629C9754D62} = {C5F0EC4A-AEF8-4333-904D-1CE558CE93EE}
		{0B71FD44-7155-4D8C-8FBD-DD73A754AFA3} = {C5F0EC4A-AEF8-4333-904D-1CE558CE93EE}
		{ECDBDA95-6101-42A8-96EF-9DCB989DC350} = {7DFEAE51-4604-4BA3-B61B-6794BAC1F581}
		{22FFCBA5-8663-4E22-A7BF-0D3297B94D8A} = {ECDBDA95-6101-42A8-96EF-9DCB989DC350}
		{E774A585-F7A3-4015-B24A-636E9D0A61E5} = {ECDBDA95-6101-42A8-96EF-9DCB989DC350}
		{2F1E7783-7573-452E-934D-F567001C29DF} = {F85D1B42-5766-4855-9ED5-D52E0ED97D2F}
		{C773F549-BFB3-49EF-BFE4-F604F92137C3} = {F85D1B42-5766-4855-9ED5-D52E0ED97D2F}
		{9298EC6D-96B8-4323-8D27-9C0B8BC15CF5} = {F85D1B42-5766-4855-9ED5-D52E0ED97D2F}
		{592A07AA-9ED9-484B-B64F-E3CB5759C400} = {BCBBB8C3-D458-4754-88F5-8E6E8B26DA38}
		{759FB0B5-46CA-4FC7-B911-E8EB282A60E9} = {BCBBB8C3-D458-4754-88F5-8E6E8B26DA38}
		{3130A5E3-65BB-421A-BF08-AAC3DAC46F9C} = {592A07AA-9ED9-484B-B64F-E3CB5759C400}
		{3659AE7B-6547-42A1-904C-1C04A9258FB2} = {592A07AA-9ED9-484B-B64F-E3CB5759C400}
		{B764EE48-9156-41D2-8C3C-C84DB0AEE3DD} = {759FB0B5-46CA-4FC7-B911-E8EB282A60E9}
		{25230CFA-AD35-48E8-B0CC-D7E09E39FBE6} = {759FB0B5-46CA-4FC7-B911-E8EB282A60E9}
		{5CCE8259-EB51-4CB0-A0E1-92F29DD5C73F} = {3130A5E3-65BB-421A-BF08-AAC3DAC46F9C}
	EndGlobalSection
EndGlobal
