
Microsoft Visual Studio Solution File, Format Version 12.00
Project("{2150E333-8FDC-42A3-9474-1A3956D46DE8}") = "W00", "W00", "{E9AE86AF-A4F4-4CDD-B0E6-FCD6E0599AB7}"
EndProject
Project("{2150E333-8FDC-42A3-9474-1A3956D46DE8}") = "W01", "W01", "{4CE97DE8-C4FE-47C0-8DF1-469854706A6E}"
EndProject
Project("{2150E333-8FDC-42A3-9474-1A3956D46DE8}") = "W02", "W02", "{56E3AEB2-FD89-4E7F-8269-C7C17B8F504B}"
EndProject
Project("{2150E333-8FDC-42A3-9474-1A3956D46DE8}") = "1", "1", "{77FD04C4-E0DF-41D5-B5A1-9752A2F8EFE4}"
EndProject
Project("{2150E333-8FDC-42A3-9474-1A3956D46DE8}") = "T", "T", "{0F5068FD-E98A-4D2E-B3C9-420E53369B34}"
EndProject
Project("{2150E333-8FDC-42A3-9474-1A3956D46DE8}") = "1", "1", "{889B19BA-D521-4A71-8005-C157E312AC9B}"
EndProject
Project("{2150E333-8FDC-42A3-9474-1A3956D46DE8}") = "2", "2", "{9DCE75AF-E41A-4566-9206-26FF8D8B9CBA}"
EndProject
Project("{2150E333-8FDC-42A3-9474-1A3956D46DE8}") = "T", "T", "{8B09B56E-2473-4A74-92F5-244D571726C0}"
EndProject
Project("{2150E333-8FDC-42A3-9474-1A3956D46DE8}") = "O", "O", "{BAFAB081-1250-4361-B8C6-2404EBA9A0A8}"
EndProject
Project("{2150E333-8FDC-42A3-9474-1A3956D46DE8}") = "T", "T", "{0DE18BB5-52EA-4BB0-B956-D1C9FBED1E46}"
EndProject
Project("{2150E333-8FDC-42A3-9474-1A3956D46DE8}") = "O", "O", "{867441A4-F1F8-4A77-8EB4-B4662DF904BB}"
EndProject
Project("{2150E333-8FDC-42A3-9474-1A3956D46DE8}") = "1", "1", "{F34EC28F-2A53-4F5E-8675-241642832C62}"
EndProject
Project("{2150E333-8FDC-42A3-9474-1A3956D46DE8}") = "2", "2", "{EF637B22-BFD3-4470-941F-778D26FEF8C1}"
EndProject
Project("{2150E333-8FDC-42A3-9474-1A3956D46DE8}") = "T", "T", "{58AE5990-1CF0-453B-AA2C-DFDF5D323B74}"
EndProject
Project("{2150E333-8FDC-42A3-9474-1A3956D46DE8}") = "O", "O", "{D303ADBD-A1BF-4F89-AA0A-C6B642A2F64A}"
EndProject
Project("{2150E333-8FDC-42A3-9474-1A3956D46DE8}") = "T", "T", "{CCF62DD5-553B-4E54-8491-F83BCCFB85E8}"
EndProject
Project("{2150E333-8FDC-42A3-9474-1A3956D46DE8}") = "O", "O", "{7B0A9042-FCA9-4372-B8E2-036768857A54}"
EndProject
Project("{2150E333-8FDC-42A3-9474-1A3956D46DE8}") = "W03", "W03", "{CA6E6F2F-6DAC-4691-9CB3-816E058DA1D7}"
EndProject
Project("{2150E333-8FDC-42A3-9474-1A3956D46DE8}") = "1", "1", "{71187752-D98D-4919-8D33-ED4625A09D67}"
EndProject
Project("{2150E333-8FDC-42A3-9474-1A3956D46DE8}") = "2", "2", "{7DFEAE51-4604-4BA3-B61B-6794BAC1F581}"
EndProject
Project("{2150E333-8FDC-42A3-9474-1A3956D46DE8}") = "O", "O", "{C5F0EC4A-AEF8-4333-904D-1CE558CE93EE}"
EndProject
Project("{2150E333-8FDC-42A3-9474-1A3956D46DE8}") = "O", "O", "{F85D1B42-5766-4855-9ED5-D52E0ED97D2F}"
EndProject
Project("{2150E333-8FDC-42A3-9474-1A3956D46DE8}") = "T", "T", "{496A0EA4-990A-4D1A-BBB4-E54EB9819784}"
EndProject
Project("{2150E333-8FDC-42A3-9474-1A3956D46DE8}") = "T", "T", "{41A4B0FA-FD9B-473A-9291-3286DB97078C}"
EndProject
Project("{FAE04EC0-301F-11D3-BF4B-00C04F79EFBC}") = "W01.1.1T02", "W01.1.1T02\W01.1.1T02.csproj", "{5AEA6CD6-B793-4A28-B0F4-1510658FA4B0}"
EndProject
Project("{FAE04EC0-301F-11D3-BF4B-00C04F79EFBC}") = "W01.1.1T01", "W01.1.1T01\W01.1.1T01.csproj", "{D86BD9B5-C443-4DA4-B367-EFDF37130829}"
EndProject
Project("{FAE04EC0-301F-11D3-BF4B-00C04F79EFBC}") = "W00.1.1T01", "W00.1.1T01\W00.1.1T01.csproj", "{8283A87F-767E-48EB-89CB-5BFFF68A6CFC}"
EndProject
Project("{FAE04EC0-301F-11D3-BF4B-00C04F79EFBC}") = "W01.1.1T03", "W01.1.1T03\W01.1.1T03.csproj", "{75414B59-675E-4D19-8E1E-AAD7B153DF82}"
EndProject
Project("{FAE04EC0-301F-11D3-BF4B-00C04F79EFBC}") = "W01.1.1T04", "W01.1.1T04\W01.1.1T04.csproj", "{726C01A1-CE51-4F43-8A34-C152CDD395F3}"
EndProject
Project("{FAE04EC0-301F-11D3-BF4B-00C04F79EFBC}") = "W01.1.1T05", "W01.1.1T05\W01.1.1T05.csproj", "{106BA059-A65D-4F74-82D6-A191211E3DFC}"
EndProject
Project("{FAE04EC0-301F-11D3-BF4B-00C04F79EFBC}") = "W01.1.1T06", "W01.1.1T06\W01.1.1T06.csproj", "{6A7DD35E-B3C1-4380-B62D-3113CE27F026}"
EndProject
Project("{FAE04EC0-301F-11D3-BF4B-00C04F79EFBC}") = "W01.1.1T07", "W01.1.1T07\W01.1.1T07.csproj", "{30C0E6B2-51A0-4695-AB97-C5B04A7568ED}"
EndProject
Project("{FAE04EC0-301F-11D3-BF4B-00C04F79EFBC}") = "W01.1.1T08", "W01.1.1T08\W01.1.1T08.csproj", "{307E229B-F0E1-482F-8687-89D7823E723F}"
EndProject
Project("{FAE04EC0-301F-11D3-BF4B-00C04F79EFBC}") = "W01.1.1T09", "W01.1.1T09\W01.1.1T09.csproj", "{DE12AA29-32D5-4F6B-9405-70AF9D2841E1}"
EndProject
Project("{FAE04EC0-301F-11D3-BF4B-00C04F79EFBC}") = "W01.1.2O01", "W01.1.2O01\W01.1.2O01.csproj", "{63C018AE-E604-423C-A621-2446D558E418}"
EndProject
Project("{FAE04EC0-301F-11D3-BF4B-00C04F79EFBC}") = "W01.1.2O02", "W01.1.2O02\W01.1.2O02.csproj", "{57EBDF1A-CCD5-49AA-9A7A-3424B121EA64}"
EndProject
Project("{FAE04EC0-301F-11D3-BF4B-00C04F79EFBC}") = "W01.1.2O03", "W01.1.2O03\W01.1.2O03.csproj", "{B6749462-5587-43C6-9208-B5225D65AD10}"
EndProject
Project("{FAE04EC0-301F-11D3-BF4B-00C04F79EFBC}") = "W01.1.2O04", "W01.1.2O04\W01.1.2O04.csproj", "{91DFCD09-8682-4246-AA65-6C9E59D00A18}"
EndProject
Project("{FAE04EC0-301F-11D3-BF4B-00C04F79EFBC}") = "W01.1.2O05", "W01.1.2O05\W01.1.2O05.csproj", "{575671CD-DCF7-4EBE-A949-728E75E0CE7B}"
EndProject
Project("{FAE04EC0-301F-11D3-BF4B-00C04F79EFBC}") = "W01.1.2O06", "W01.1.2O06\W01.1.2O06.csproj", "{06429E63-87E5-46A1-83BE-3C169B0E6F53}"
EndProject
Global
	GlobalSection(SolutionConfigurationPlatforms) = preSolution
		Debug|Any CPU = Debug|Any CPU
		Release|Any CPU = Release|Any CPU
	EndGlobalSection
	GlobalSection(ProjectConfigurationPlatforms) = postSolution
		{5AEA6CD6-B793-4A28-B0F4-1510658FA4B0}.Debug|Any CPU.ActiveCfg = Debug|Any CPU
		{5AEA6CD6-B793-4A28-B0F4-1510658FA4B0}.Debug|Any CPU.Build.0 = Debug|Any CPU
		{5AEA6CD6-B793-4A28-B0F4-1510658FA4B0}.Release|Any CPU.ActiveCfg = Release|Any CPU
		{5AEA6CD6-B793-4A28-B0F4-1510658FA4B0}.Release|Any CPU.Build.0 = Release|Any CPU
		{D86BD9B5-C443-4DA4-B367-EFDF37130829}.Debug|Any CPU.ActiveCfg = Debug|Any CPU
		{D86BD9B5-C443-4DA4-B367-EFDF37130829}.Debug|Any CPU.Build.0 = Debug|Any CPU
		{D86BD9B5-C443-4DA4-B367-EFDF37130829}.Release|Any CPU.ActiveCfg = Release|Any CPU
		{D86BD9B5-C443-4DA4-B367-EFDF37130829}.Release|Any CPU.Build.0 = Release|Any CPU
		{8283A87F-767E-48EB-89CB-5BFFF68A6CFC}.Debug|Any CPU.ActiveCfg = Debug|Any CPU
		{8283A87F-767E-48EB-89CB-5BFFF68A6CFC}.Debug|Any CPU.Build.0 = Debug|Any CPU
		{8283A87F-767E-48EB-89CB-5BFFF68A6CFC}.Release|Any CPU.ActiveCfg = Release|Any CPU
		{8283A87F-767E-48EB-89CB-5BFFF68A6CFC}.Release|Any CPU.Build.0 = Release|Any CPU
		{75414B59-675E-4D19-8E1E-AAD7B153DF82}.Debug|Any CPU.ActiveCfg = Debug|Any CPU
		{75414B59-675E-4D19-8E1E-AAD7B153DF82}.Debug|Any CPU.Build.0 = Debug|Any CPU
		{75414B59-675E-4D19-8E1E-AAD7B153DF82}.Release|Any CPU.ActiveCfg = Release|Any CPU
		{75414B59-675E-4D19-8E1E-AAD7B153DF82}.Release|Any CPU.Build.0 = Release|Any CPU
		{726C01A1-CE51-4F43-8A34-C152CDD395F3}.Debug|Any CPU.ActiveCfg = Debug|Any CPU
		{726C01A1-CE51-4F43-8A34-C152CDD395F3}.Debug|Any CPU.Build.0 = Debug|Any CPU
		{726C01A1-CE51-4F43-8A34-C152CDD395F3}.Release|Any CPU.ActiveCfg = Release|Any CPU
		{726C01A1-CE51-4F43-8A34-C152CDD395F3}.Release|Any CPU.Build.0 = Release|Any CPU
		{106BA059-A65D-4F74-82D6-A191211E3DFC}.Debug|Any CPU.ActiveCfg = Debug|Any CPU
		{106BA059-A65D-4F74-82D6-A191211E3DFC}.Debug|Any CPU.Build.0 = Debug|Any CPU
		{106BA059-A65D-4F74-82D6-A191211E3DFC}.Release|Any CPU.ActiveCfg = Release|Any CPU
		{106BA059-A65D-4F74-82D6-A191211E3DFC}.Release|Any CPU.Build.0 = Release|Any CPU
		{6A7DD35E-B3C1-4380-B62D-3113CE27F026}.Debug|Any CPU.ActiveCfg = Debug|Any CPU
		{6A7DD35E-B3C1-4380-B62D-3113CE27F026}.Debug|Any CPU.Build.0 = Debug|Any CPU
		{6A7DD35E-B3C1-4380-B62D-3113CE27F026}.Release|Any CPU.ActiveCfg = Release|Any CPU
		{6A7DD35E-B3C1-4380-B62D-3113CE27F026}.Release|Any CPU.Build.0 = Release|Any CPU
		{30C0E6B2-51A0-4695-AB97-C5B04A7568ED}.Debug|Any CPU.ActiveCfg = Debug|Any CPU
		{30C0E6B2-51A0-4695-AB97-C5B04A7568ED}.Debug|Any CPU.Build.0 = Debug|Any CPU
		{30C0E6B2-51A0-4695-AB97-C5B04A7568ED}.Release|Any CPU.ActiveCfg = Release|Any CPU
		{30C0E6B2-51A0-4695-AB97-C5B04A7568ED}.Release|Any CPU.Build.0 = Release|Any CPU
		{307E229B-F0E1-482F-8687-89D7823E723F}.Debug|Any CPU.ActiveCfg = Debug|Any CPU
		{307E229B-F0E1-482F-8687-89D7823E723F}.Debug|Any CPU.Build.0 = Debug|Any CPU
		{307E229B-F0E1-482F-8687-89D7823E723F}.Release|Any CPU.ActiveCfg = Release|Any CPU
		{307E229B-F0E1-482F-8687-89D7823E723F}.Release|Any CPU.Build.0 = Release|Any CPU
		{DE12AA29-32D5-4F6B-9405-70AF9D2841E1}.Debug|Any CPU.ActiveCfg = Debug|Any CPU
		{DE12AA29-32D5-4F6B-9405-70AF9D2841E1}.Debug|Any CPU.Build.0 = Debug|Any CPU
		{DE12AA29-32D5-4F6B-9405-70AF9D2841E1}.Release|Any CPU.ActiveCfg = Release|Any CPU
		{DE12AA29-32D5-4F6B-9405-70AF9D2841E1}.Release|Any CPU.Build.0 = Release|Any CPU
		{63C018AE-E604-423C-A621-2446D558E418}.Debug|Any CPU.ActiveCfg = Debug|Any CPU
		{63C018AE-E604-423C-A621-2446D558E418}.Debug|Any CPU.Build.0 = Debug|Any CPU
		{63C018AE-E604-423C-A621-2446D558E418}.Release|Any CPU.ActiveCfg = Release|Any CPU
		{63C018AE-E604-423C-A621-2446D558E418}.Release|Any CPU.Build.0 = Release|Any CPU
		{57EBDF1A-CCD5-49AA-9A7A-3424B121EA64}.Debug|Any CPU.ActiveCfg = Debug|Any CPU
		{57EBDF1A-CCD5-49AA-9A7A-3424B121EA64}.Debug|Any CPU.Build.0 = Debug|Any CPU
		{57EBDF1A-CCD5-49AA-9A7A-3424B121EA64}.Release|Any CPU.ActiveCfg = Release|Any CPU
		{57EBDF1A-CCD5-49AA-9A7A-3424B121EA64}.Release|Any CPU.Build.0 = Release|Any CPU
		{B6749462-5587-43C6-9208-B5225D65AD10}.Debug|Any CPU.ActiveCfg = Debug|Any CPU
		{B6749462-5587-43C6-9208-B5225D65AD10}.Debug|Any CPU.Build.0 = Debug|Any CPU
		{B6749462-5587-43C6-9208-B5225D65AD10}.Release|Any CPU.ActiveCfg = Release|Any CPU
		{B6749462-5587-43C6-9208-B5225D65AD10}.Release|Any CPU.Build.0 = Release|Any CPU
		{91DFCD09-8682-4246-AA65-6C9E59D00A18}.Debug|Any CPU.ActiveCfg = Debug|Any CPU
		{91DFCD09-8682-4246-AA65-6C9E59D00A18}.Debug|Any CPU.Build.0 = Debug|Any CPU
		{91DFCD09-8682-4246-AA65-6C9E59D00A18}.Release|Any CPU.ActiveCfg = Release|Any CPU
		{91DFCD09-8682-4246-AA65-6C9E59D00A18}.Release|Any CPU.Build.0 = Release|Any CPU
		{575671CD-DCF7-4EBE-A949-728E75E0CE7B}.Debug|Any CPU.ActiveCfg = Debug|Any CPU
		{575671CD-DCF7-4EBE-A949-728E75E0CE7B}.Debug|Any CPU.Build.0 = Debug|Any CPU
		{575671CD-DCF7-4EBE-A949-728E75E0CE7B}.Release|Any CPU.ActiveCfg = Release|Any CPU
		{575671CD-DCF7-4EBE-A949-728E75E0CE7B}.Release|Any CPU.Build.0 = Release|Any CPU
		{06429E63-87E5-46A1-83BE-3C169B0E6F53}.Debug|Any CPU.ActiveCfg = Debug|Any CPU
		{06429E63-87E5-46A1-83BE-3C169B0E6F53}.Debug|Any CPU.Build.0 = Debug|Any CPU
		{06429E63-87E5-46A1-83BE-3C169B0E6F53}.Release|Any CPU.ActiveCfg = Release|Any CPU
		{06429E63-87E5-46A1-83BE-3C169B0E6F53}.Release|Any CPU.Build.0 = Release|Any CPU
	EndGlobalSection
	GlobalSection(NestedProjects) = preSolution
		{77FD04C4-E0DF-41D5-B5A1-9752A2F8EFE4} = {E9AE86AF-A4F4-4CDD-B0E6-FCD6E0599AB7}
		{0F5068FD-E98A-4D2E-B3C9-420E53369B34} = {77FD04C4-E0DF-41D5-B5A1-9752A2F8EFE4}
		{889B19BA-D521-4A71-8005-C157E312AC9B} = {4CE97DE8-C4FE-47C0-8DF1-469854706A6E}
		{9DCE75AF-E41A-4566-9206-26FF8D8B9CBA} = {4CE97DE8-C4FE-47C0-8DF1-469854706A6E}
		{8B09B56E-2473-4A74-92F5-244D571726C0} = {889B19BA-D521-4A71-8005-C157E312AC9B}
		{BAFAB081-1250-4361-B8C6-2404EBA9A0A8} = {889B19BA-D521-4A71-8005-C157E312AC9B}
		{0DE18BB5-52EA-4BB0-B956-D1C9FBED1E46} = {9DCE75AF-E41A-4566-9206-26FF8D8B9CBA}
		{867441A4-F1F8-4A77-8EB4-B4662DF904BB} = {9DCE75AF-E41A-4566-9206-26FF8D8B9CBA}
		{F34EC28F-2A53-4F5E-8675-241642832C62} = {56E3AEB2-FD89-4E7F-8269-C7C17B8F504B}
		{EF637B22-BFD3-4470-941F-778D26FEF8C1} = {56E3AEB2-FD89-4E7F-8269-C7C17B8F504B}
		{58AE5990-1CF0-453B-AA2C-DFDF5D323B74} = {F34EC28F-2A53-4F5E-8675-241642832C62}
		{D303ADBD-A1BF-4F89-AA0A-C6B642A2F64A} = {F34EC28F-2A53-4F5E-8675-241642832C62}
		{CCF62DD5-553B-4E54-8491-F83BCCFB85E8} = {EF637B22-BFD3-4470-941F-778D26FEF8C1}
		{7B0A9042-FCA9-4372-B8E2-036768857A54} = {EF637B22-BFD3-4470-941F-778D26FEF8C1}
		{71187752-D98D-4919-8D33-ED4625A09D67} = {CA6E6F2F-6DAC-4691-9CB3-816E058DA1D7}
		{7DFEAE51-4604-4BA3-B61B-6794BAC1F581} = {CA6E6F2F-6DAC-4691-9CB3-816E058DA1D7}
		{C5F0EC4A-AEF8-4333-904D-1CE558CE93EE} = {71187752-D98D-4919-8D33-ED4625A09D67}
		{F85D1B42-5766-4855-9ED5-D52E0ED97D2F} = {7DFEAE51-4604-4BA3-B61B-6794BAC1F581}
		{496A0EA4-990A-4D1A-BBB4-E54EB9819784} = {71187752-D98D-4919-8D33-ED4625A09D67}
		{41A4B0FA-FD9B-473A-9291-3286DB97078C} = {7DFEAE51-4604-4BA3-B61B-6794BAC1F581}
		{5AEA6CD6-B793-4A28-B0F4-1510658FA4B0} = {8B09B56E-2473-4A74-92F5-244D571726C0}
		{D86BD9B5-C443-4DA4-B367-EFDF37130829} = {8B09B56E-2473-4A74-92F5-244D571726C0}
		{8283A87F-767E-48EB-89CB-5BFFF68A6CFC} = {0F5068FD-E98A-4D2E-B3C9-420E53369B34}
		{75414B59-675E-4D19-8E1E-AAD7B153DF82} = {8B09B56E-2473-4A74-92F5-244D571726C0}
		{726C01A1-CE51-4F43-8A34-C152CDD395F3} = {8B09B56E-2473-4A74-92F5-244D571726C0}
		{106BA059-A65D-4F74-82D6-A191211E3DFC} = {8B09B56E-2473-4A74-92F5-244D571726C0}
		{6A7DD35E-B3C1-4380-B62D-3113CE27F026} = {8B09B56E-2473-4A74-92F5-244D571726C0}
		{30C0E6B2-51A0-4695-AB97-C5B04A7568ED} = {8B09B56E-2473-4A74-92F5-244D571726C0}
		{307E229B-F0E1-482F-8687-89D7823E723F} = {8B09B56E-2473-4A74-92F5-244D571726C0}
		{DE12AA29-32D5-4F6B-9405-70AF9D2841E1} = {8B09B56E-2473-4A74-92F5-244D571726C0}
		{63C018AE-E604-423C-A621-2446D558E418} = {BAFAB081-1250-4361-B8C6-2404EBA9A0A8}
		{57EBDF1A-CCD5-49AA-9A7A-3424B121EA64} = {BAFAB081-1250-4361-B8C6-2404EBA9A0A8}
		{B6749462-5587-43C6-9208-B5225D65AD10} = {BAFAB081-1250-4361-B8C6-2404EBA9A0A8}
		{91DFCD09-8682-4246-AA65-6C9E59D00A18} = {BAFAB081-1250-4361-B8C6-2404EBA9A0A8}
		{575671CD-DCF7-4EBE-A949-728E75E0CE7B} = {BAFAB081-1250-4361-B8C6-2404EBA9A0A8}
		{06429E63-87E5-46A1-83BE-3C169B0E6F53} = {BAFAB081-1250-4361-B8C6-2404EBA9A0A8}
	EndGlobalSection
EndGlobal
