
Microsoft Visual Studio Solution File, Format Version 12.00
Project("{2150E333-8FDC-42A3-9474-1A3956D46DE8}") = "W00", "W00", "{D7DD3B32-99BC-4A70-823C-1BDAA01E9B48}"
EndProject
Project("{2150E333-8FDC-42A3-9474-1A3956D46DE8}") = "1", "1", "{D463FD78-98E4-4849-B873-6C3B8132CDF2}"
EndProject
Project("{2150E333-8FDC-42A3-9474-1A3956D46DE8}") = "C", "C", "{9BE59B10-0F1D-47A1-AB2A-2E58B80075A5}"
EndProject
Project("{2150E333-8FDC-42A3-9474-1A3956D46DE8}") = "C01", "C01", "{84567EC5-AE82-4F99-91C5-3018333A5E47}"
EndProject
Project("{FAE04EC0-301F-11D3-BF4B-00C04F79EFBC}") = "Program-W00-1-C01", "Program-W00-1-C01\Program-W00-1-C01.csproj", "{805CDFF8-0DE3-4F9D-B05B-3152A3C8AACC}"
EndProject
Project("{2150E333-8FDC-42A3-9474-1A3956D46DE8}") = "W01", "W01", "{2E0EDFE8-1C1D-4C22-A95F-64A38A06E3C5}"
EndProject
Project("{2150E333-8FDC-42A3-9474-1A3956D46DE8}") = "1", "1", "{AAB459F6-0ED6-41BF-B7FA-3828236A8B54}"
EndProject
Project("{2150E333-8FDC-42A3-9474-1A3956D46DE8}") = "2", "2", "{250F046C-CD2F-4E56-9896-5876110B4B59}"
EndProject
Project("{2150E333-8FDC-42A3-9474-1A3956D46DE8}") = "C", "C", "{A119D927-2290-415B-9187-E8659FDFB4A2}"
EndProject
Project("{2150E333-8FDC-42A3-9474-1A3956D46DE8}") = "H", "H", "{3193E9AC-E923-471D-950A-33DA1444D2AE}"
EndProject
Project("{2150E333-8FDC-42A3-9474-1A3956D46DE8}") = "C01", "C01", "{F59ECE2F-3967-4EF5-88A8-33B7325CC00A}"
EndProject
Project("{FAE04EC0-301F-11D3-BF4B-00C04F79EFBC}") = "Program-W01-1-C01", "Program-W01-1-C01\Program-W01-1-C01.csproj", "{209FC9A3-73D4-4EBC-99D9-F1BD611266B0}"
EndProject
Project("{2150E333-8FDC-42A3-9474-1A3956D46DE8}") = "C02", "C02", "{408565D5-5A67-4ABD-9F7A-FCCBEA152E03}"
EndProject
Project("{FAE04EC0-301F-11D3-BF4B-00C04F79EFBC}") = "Program-W01-1-C02", "Program-W01-1-C02\Program-W01-1-C02.csproj", "{40BA68E0-73F2-4729-B266-AAC7EB62DB5A}"
EndProject
Project("{2150E333-8FDC-42A3-9474-1A3956D46DE8}") = "C03", "C03", "{548A280D-84DE-45C8-AA71-0F2EDA9F1290}"
EndProject
Project("{2150E333-8FDC-42A3-9474-1A3956D46DE8}") = "C04", "C04", "{DC3B5B20-AF05-48C3-B9E8-7C58AEC03923}"
EndProject
Project("{2150E333-8FDC-42A3-9474-1A3956D46DE8}") = "C05", "C05", "{142AF934-86FB-473A-BAC2-0DD48E2B1CF2}"
EndProject
Project("{2150E333-8FDC-42A3-9474-1A3956D46DE8}") = "C06", "C06", "{33424831-2D05-44CE-A15F-830F82F962DB}"
EndProject
Project("{2150E333-8FDC-42A3-9474-1A3956D46DE8}") = "C07", "C07", "{5AF5295E-F224-4125-B157-25C9BA945886}"
EndProject
Project("{2150E333-8FDC-42A3-9474-1A3956D46DE8}") = "C08", "C08", "{87898612-1439-4DBB-9016-62DDFBD374C5}"
EndProject
Project("{2150E333-8FDC-42A3-9474-1A3956D46DE8}") = "C09", "C09", "{FC1A7C3A-7AF8-4454-A1F6-9C7D22E1B72F}"
EndProject
Project("{FAE04EC0-301F-11D3-BF4B-00C04F79EFBC}") = "Program-W01-1-C03", "Program-W01-1-C03\Program-W01-1-C03.csproj", "{DDB839FE-CD54-4593-8D31-9ABE99404126}"
EndProject
Project("{FAE04EC0-301F-11D3-BF4B-00C04F79EFBC}") = "Program-W01-1-C04", "Program-W01-1-C04\Program-W01-1-C04.csproj", "{78D25CE4-A094-46DE-A126-295247D759FD}"
EndProject
Project("{FAE04EC0-301F-11D3-BF4B-00C04F79EFBC}") = "Program-W01-1-C05", "Program-W01-1-C05\Program-W01-1-C05.csproj", "{7092C224-7DF0-435C-8F89-A42ABF327303}"
EndProject
Project("{FAE04EC0-301F-11D3-BF4B-00C04F79EFBC}") = "Program-W01-1-C06", "Program-W01-1-C06\Program-W01-1-C06.csproj", "{8369CDA5-2626-4070-8B93-7FD7A0C00782}"
EndProject
Project("{FAE04EC0-301F-11D3-BF4B-00C04F79EFBC}") = "Program-W01-1-C07", "Program-W01-1-C07\Program-W01-1-C07.csproj", "{7BB44FE0-737D-4BE8-9138-C26085600A6A}"
EndProject
Project("{FAE04EC0-301F-11D3-BF4B-00C04F79EFBC}") = "Program-W01-1-C08", "Program-W01-1-C08\Program-W01-1-C08.csproj", "{D2C85D38-5A94-44B8-895C-DDC18E1B1B72}"
EndProject
Project("{FAE04EC0-301F-11D3-BF4B-00C04F79EFBC}") = "Program-W01-1-C09", "Program-W01-1-C09\Program-W01-1-C09.csproj", "{BE1941A1-827A-4951-B069-8D3C10F6F098}"
EndProject
Project("{2150E333-8FDC-42A3-9474-1A3956D46DE8}") = "H01", "H01", "{89B8AAEA-5B79-4F9B-8629-DECC67B0EE6C}"
EndProject
Project("{2150E333-8FDC-42A3-9474-1A3956D46DE8}") = "H02", "H02", "{5FA62331-EB38-4AD0-9023-19827AC6BE77}"
EndProject
Project("{2150E333-8FDC-42A3-9474-1A3956D46DE8}") = "H03", "H03", "{315EC447-72E2-4571-8D2E-872EC5E14C75}"
EndProject
Project("{2150E333-8FDC-42A3-9474-1A3956D46DE8}") = "H04 [OPTIONAL]", "H04 [OPTIONAL]", "{C09A15BE-5170-4179-92B2-CA04B5A0B261}"
EndProject
Project("{2150E333-8FDC-42A3-9474-1A3956D46DE8}") = "H05 [OPTIONAL]", "H05 [OPTIONAL]", "{DC06F7F3-0EF9-4B29-A43A-C867F7FE0782}"
EndProject
Project("{2150E333-8FDC-42A3-9474-1A3956D46DE8}") = "H06", "H06", "{42C5F0EB-A14C-40B4-A315-D93C938ACBBE}"
EndProject
Project("{FAE04EC0-301F-11D3-BF4B-00C04F79EFBC}") = "Program-W01-1-H01", "Program-W01-1-H01\Program-W01-1-H01.csproj", "{D0A3BF2C-6C81-4F70-9C4A-CB846F50D9AE}"
EndProject
Project("{FAE04EC0-301F-11D3-BF4B-00C04F79EFBC}") = "Program-W01-1-H02", "Program-W01-1-H02\Program-W01-1-H02.csproj", "{2D37FFDB-D52C-4852-8EF3-4EE66FB65698}"
EndProject
Project("{FAE04EC0-301F-11D3-BF4B-00C04F79EFBC}") = "Program-W01-1-H03", "Program-W01-1-H03\Program-W01-1-H03.csproj", "{0EC58F1A-4478-4384-A788-0D777EBBABE4}"
EndProject
Project("{FAE04EC0-301F-11D3-BF4B-00C04F79EFBC}") = "Program-W01-1-H04", "Program-W01-1-H04\Program-W01-1-H04.csproj", "{471B2E9D-9D82-4158-8DD5-710FC05F97FB}"
EndProject
Project("{FAE04EC0-301F-11D3-BF4B-00C04F79EFBC}") = "Program-W01-1-H05", "Program-W01-1-H05\Program-W01-1-H05.csproj", "{5569EE6F-614B-4D6B-A1AC-CB672C6E5CC4}"
EndProject
Project("{FAE04EC0-301F-11D3-BF4B-00C04F79EFBC}") = "Program-W01-1-H06", "Program-W01-1-H06\Program-W01-1-H06.csproj", "{2B6DED44-BBBD-49D2-BE77-72920FF497E8}"
EndProject
Project("{2150E333-8FDC-42A3-9474-1A3956D46DE8}") = "C", "C", "{0DD47233-05E6-4CA5-9B7D-A77445BE5C45}"
EndProject
Project("{2150E333-8FDC-42A3-9474-1A3956D46DE8}") = "H", "H", "{A210BE1A-E56A-45CB-A3ED-0224F1C40CB0}"
EndProject
Project("{2150E333-8FDC-42A3-9474-1A3956D46DE8}") = "C01", "C01", "{7B60ADE6-01C7-4F41-B06F-AF6233043B1B}"
EndProject
Project("{2150E333-8FDC-42A3-9474-1A3956D46DE8}") = "C02", "C02", "{AC291815-18F7-499B-BAA6-8B43592D438E}"
EndProject
Project("{2150E333-8FDC-42A3-9474-1A3956D46DE8}") = "C03", "C03", "{DC53C5D6-17D4-4A39-9CF8-08F0F16D8D6F}"
EndProject
Project("{2150E333-8FDC-42A3-9474-1A3956D46DE8}") = "C04", "C04", "{0C069CC6-1213-4204-94E3-1973917FCE25}"
EndProject
Project("{2150E333-8FDC-42A3-9474-1A3956D46DE8}") = "C05", "C05", "{F094BAE1-CCCA-45E1-9151-1A2372075D53}"
EndProject
Project("{2150E333-8FDC-42A3-9474-1A3956D46DE8}") = "C06", "C06", "{BC94C8F6-DA50-423D-8E93-E5ACD3A77F23}"
EndProject
Project("{2150E333-8FDC-42A3-9474-1A3956D46DE8}") = "C07", "C07", "{8FAB5821-21F4-4155-8549-ECAC1F6671D9}"
EndProject
Project("{2150E333-8FDC-42A3-9474-1A3956D46DE8}") = "C08", "C08", "{09DD0280-008B-4F40-9BD5-C2D3B6B72FE1}"
EndProject
Project("{2150E333-8FDC-42A3-9474-1A3956D46DE8}") = "C09", "C09", "{6640F861-3714-4DE4-B4CB-BB50B0E73DDC}"
EndProject
Project("{2150E333-8FDC-42A3-9474-1A3956D46DE8}") = "C10 [OPTIONAL]", "C10 [OPTIONAL]", "{D77608AD-6874-4F2C-B2FC-F55C31400DC7}"
EndProject
Project("{2150E333-8FDC-42A3-9474-1A3956D46DE8}") = "H01", "H01", "{3534858E-8F47-4E7A-B1BA-03B06E0BD87E}"
EndProject
Project("{2150E333-8FDC-42A3-9474-1A3956D46DE8}") = "H02", "H02", "{5B16220A-43B2-44A0-9896-B5CA6425A255}"
EndProject
Project("{2150E333-8FDC-42A3-9474-1A3956D46DE8}") = "H03", "H03", "{E0FF575C-5DC1-42B2-BC98-F0304AEF0A63}"
EndProject
Project("{2150E333-8FDC-42A3-9474-1A3956D46DE8}") = "H04", "H04", "{7FF999FE-47D5-44CA-8791-45ABF415C310}"
EndProject
Project("{2150E333-8FDC-42A3-9474-1A3956D46DE8}") = "H05", "H05", "{74A314C5-7413-40E1-8123-EC2E6E3D5574}"
EndProject
Project("{2150E333-8FDC-42A3-9474-1A3956D46DE8}") = "H06", "H06", "{51321516-2602-4858-887E-81BED5B48861}"
EndProject
Project("{2150E333-8FDC-42A3-9474-1A3956D46DE8}") = "H07", "H07", "{C835C697-F038-4E18-BEAB-E3793272AB07}"
EndProject
Project("{2150E333-8FDC-42A3-9474-1A3956D46DE8}") = "H08", "H08", "{D11DA293-377E-4987-8354-A95B6ACDF051}"
EndProject
Project("{2150E333-8FDC-42A3-9474-1A3956D46DE8}") = "H09", "H09", "{9C84927C-685A-4982-84BF-97A5FFE18378}"
EndProject
Project("{2150E333-8FDC-42A3-9474-1A3956D46DE8}") = "H10 [OPTIONAL]", "H10 [OPTIONAL]", "{E7AD0F06-3B2E-48C2-A284-75AAC265FC18}"
EndProject
Project("{2150E333-8FDC-42A3-9474-1A3956D46DE8}") = "W02", "W02", "{4545AFA1-A6FB-4C6A-B0B8-FB0152386B97}"
EndProject
Project("{2150E333-8FDC-42A3-9474-1A3956D46DE8}") = "1", "1", "{AF151700-EEDF-42DB-9345-157C3FBFB063}"
EndProject
Project("{2150E333-8FDC-42A3-9474-1A3956D46DE8}") = "2", "2", "{832F17DE-4716-4E25-9BC1-FFC1FE1A0A22}"
EndProject
Project("{2150E333-8FDC-42A3-9474-1A3956D46DE8}") = "C", "C", "{9FA74F8A-9874-4A4F-9471-6BCF6B667C29}"
EndProject
Project("{2150E333-8FDC-42A3-9474-1A3956D46DE8}") = "H", "H", "{A354CBB9-E754-4FFA-B4B9-3932A7AEE6E8}"
EndProject
Project("{2150E333-8FDC-42A3-9474-1A3956D46DE8}") = "C", "C", "{72F283EE-EC2C-4BC3-807A-C85B5A6B376C}"
EndProject
Project("{2150E333-8FDC-42A3-9474-1A3956D46DE8}") = "H", "H", "{DAF9E5EE-3558-46B9-956B-52E2CBDECB0B}"
EndProject
Project("{2150E333-8FDC-42A3-9474-1A3956D46DE8}") = "C01", "C01", "{6041A042-4027-4C7A-830F-6E228A42828B}"
EndProject
Project("{2150E333-8FDC-42A3-9474-1A3956D46DE8}") = "C02", "C02", "{2BD9EAC4-91C4-4C13-A0B4-051DDBA8E309}"
EndProject
Project("{2150E333-8FDC-42A3-9474-1A3956D46DE8}") = "C03", "C03", "{60ED7101-D5C6-4D9E-94A0-3154E7BE4281}"
EndProject
Project("{2150E333-8FDC-42A3-9474-1A3956D46DE8}") = "C04", "C04", "{EF15D9E2-CA23-4493-A80A-E3C220AB066C}"
EndProject
Project("{2150E333-8FDC-42A3-9474-1A3956D46DE8}") = "C05", "C05", "{84560DB4-D618-4C47-BA38-1BECFAC72CA4}"
EndProject
Project("{2150E333-8FDC-42A3-9474-1A3956D46DE8}") = "C06", "C06", "{A6E0908C-9F0A-4181-A42D-1179BC637F81}"
EndProject
Project("{2150E333-8FDC-42A3-9474-1A3956D46DE8}") = "C07", "C07", "{BBBA0D4F-9DE8-4709-A9B6-809E21B9BB96}"
EndProject
Project("{2150E333-8FDC-42A3-9474-1A3956D46DE8}") = "C08", "C08", "{BE8BEBE1-F752-46FD-8E47-623F6483ED06}"
EndProject
Project("{2150E333-8FDC-42A3-9474-1A3956D46DE8}") = "C09 [EXTRA]", "C09 [EXTRA]", "{5B23A11B-D54A-4776-BB63-96CF0AF83B70}"
EndProject
Project("{2150E333-8FDC-42A3-9474-1A3956D46DE8}") = "H01", "H01", "{1B39CF0A-16A4-4E83-B67A-5510E82CD165}"
EndProject
Project("{2150E333-8FDC-42A3-9474-1A3956D46DE8}") = "H02", "H02", "{8E08AB51-9178-43BC-87AD-7A5E55E7B3DA}"
EndProject
Project("{2150E333-8FDC-42A3-9474-1A3956D46DE8}") = "H03", "H03", "{B73EB561-2B16-49A4-857B-7132DE0DEDEF}"
EndProject
Project("{2150E333-8FDC-42A3-9474-1A3956D46DE8}") = "H04", "H04", "{FA19DBAD-BA47-415F-B9F4-C1683438B3C6}"
EndProject
Project("{2150E333-8FDC-42A3-9474-1A3956D46DE8}") = "H05 [OPTIONAL]", "H05 [OPTIONAL]", "{B846F669-CFC1-4D21-9D49-93B79EA4E56E}"
EndProject
Project("{2150E333-8FDC-42A3-9474-1A3956D46DE8}") = "C01", "C01", "{5BEDFAAE-122F-4770-95F1-59CA62FF0F36}"
EndProject
Project("{2150E333-8FDC-42A3-9474-1A3956D46DE8}") = "C02", "C02", "{D914C2F0-DCB0-4830-9BAB-210503C2A98A}"
EndProject
Project("{2150E333-8FDC-42A3-9474-1A3956D46DE8}") = "C03", "C03", "{3CB0CC9F-DBC1-4B44-895F-6C00D73BCA1B}"
EndProject
Project("{2150E333-8FDC-42A3-9474-1A3956D46DE8}") = "C04", "C04", "{0434D51C-07AE-4A2C-9014-78FE4301339B}"
EndProject
Project("{2150E333-8FDC-42A3-9474-1A3956D46DE8}") = "C05", "C05", "{9407C182-4EE3-4733-8A7B-5168E1421DB8}"
EndProject
Project("{2150E333-8FDC-42A3-9474-1A3956D46DE8}") = "C06", "C06", "{0FD79DDB-93CE-4611-8DD0-B376E84BDC0C}"
EndProject
Project("{2150E333-8FDC-42A3-9474-1A3956D46DE8}") = "C07", "C07", "{DDB328A6-8544-4DB7-A681-1985FE161AB0}"
EndProject
Project("{2150E333-8FDC-42A3-9474-1A3956D46DE8}") = "C08", "C08", "{94185929-5D75-4B89-ADB0-6F8291DE508D}"
EndProject
Project("{2150E333-8FDC-42A3-9474-1A3956D46DE8}") = "C09", "C09", "{EB67DBEC-2246-4681-955F-53F55450007E}"
EndProject
Project("{2150E333-8FDC-42A3-9474-1A3956D46DE8}") = "H01", "H01", "{66EFB802-883F-4DE4-9395-0CC74FD4153C}"
EndProject
Project("{2150E333-8FDC-42A3-9474-1A3956D46DE8}") = "H02", "H02", "{41D05274-FC07-4DB6-8F24-1A454C50B7F9}"
EndProject
Project("{2150E333-8FDC-42A3-9474-1A3956D46DE8}") = "H03", "H03", "{49EFE5FE-98FC-4533-A33E-3958C61952B6}"
EndProject
Project("{2150E333-8FDC-42A3-9474-1A3956D46DE8}") = "H04", "H04", "{724EE7E2-892A-4375-9179-414ACA15E095}"
EndProject
Project("{FAE04EC0-301F-11D3-BF4B-00C04F79EFBC}") = "Program-W01-2-C01", "Program-W01-2-C01\Program-W01-2-C01.csproj", "{AEE79B6A-E1E1-4219-AA8A-120C11028C76}"
EndProject
Project("{FAE04EC0-301F-11D3-BF4B-00C04F79EFBC}") = "Program-W01-2-C02", "Program-W01-2-C02\Program-W01-2-C02.csproj", "{CCA59AC3-DC81-4842-AB2E-F4AD173396DB}"
EndProject
Project("{FAE04EC0-301F-11D3-BF4B-00C04F79EFBC}") = "Program-W01-2-C03", "Program-W01-2-C03\Program-W01-2-C03.csproj", "{3C70F71B-D140-4EA0-9127-617182B16F4F}"
EndProject
Project("{FAE04EC0-301F-11D3-BF4B-00C04F79EFBC}") = "Program-W01-2-C04", "Program-W01-2-C04\Program-W01-2-C04.csproj", "{D8F97FB7-157A-4BEF-AF90-5CB68F7C84C7}"
EndProject
Project("{FAE04EC0-301F-11D3-BF4B-00C04F79EFBC}") = "Program-W01-2-C05", "Program-W01-2-C05\Program-W01-2-C05.csproj", "{1380FFCD-D0FE-497D-8CEE-CB0E3F3F4BE7}"
EndProject
Project("{FAE04EC0-301F-11D3-BF4B-00C04F79EFBC}") = "Program-W01-2-C06", "Program-W01-2-C06\Program-W01-2-C06.csproj", "{66E7DD33-3BC2-4CB0-A28F-9D89266A7B80}"
EndProject
Project("{FAE04EC0-301F-11D3-BF4B-00C04F79EFBC}") = "Program-W01-2-C07", "Program-W01-2-C07\Program-W01-2-C07.csproj", "{E31027EF-28D4-48D9-A71D-AA7295E60BB1}"
EndProject
Project("{FAE04EC0-301F-11D3-BF4B-00C04F79EFBC}") = "Program-W01-2-C08", "Program-W01-2-C08\Program-W01-2-C08.csproj", "{BD31F9DD-9601-41D8-9155-DD99963D227D}"
EndProject
Project("{FAE04EC0-301F-11D3-BF4B-00C04F79EFBC}") = "Program-W01-2-C09", "Program-W01-2-C09\Program-W01-2-C09.csproj", "{4055951C-E972-47E9-B02B-46FBBB4AFEFC}"
EndProject
Project("{FAE04EC0-301F-11D3-BF4B-00C04F79EFBC}") = "Program-W01-2-C10", "Program-W01-2-C10\Program-W01-2-C10.csproj", "{C0643D51-E300-4586-B4BE-919BCC86DC21}"
EndProject
Project("{FAE04EC0-301F-11D3-BF4B-00C04F79EFBC}") = "Program-W01-2-H01", "Program-W01-2-H01\Program-W01-2-H01.csproj", "{53F504B3-8FBE-4641-903B-B954E0DB3C01}"
EndProject
Project("{FAE04EC0-301F-11D3-BF4B-00C04F79EFBC}") = "Program-W01-2-H02", "Program-W01-2-H02\Program-W01-2-H02.csproj", "{7F0D8CC1-6834-4FC7-88A3-6F0EB4CEE1A0}"
EndProject
Project("{FAE04EC0-301F-11D3-BF4B-00C04F79EFBC}") = "Program-W01-2-H03", "Program-W01-2-H03\Program-W01-2-H03.csproj", "{4F44890D-F0CD-4298-8F02-24D6009137D3}"
EndProject
Project("{FAE04EC0-301F-11D3-BF4B-00C04F79EFBC}") = "Program-W01-2-H04", "Program-W01-2-H04\Program-W01-2-H04.csproj", "{C349EDB8-AC29-4307-9164-E6140E94C802}"
EndProject
Project("{FAE04EC0-301F-11D3-BF4B-00C04F79EFBC}") = "Program-W01-2-H05", "Program-W01-2-H05\Program-W01-2-H05.csproj", "{70E52D28-8149-465A-BE7B-B3248A87B4B4}"
EndProject
Project("{FAE04EC0-301F-11D3-BF4B-00C04F79EFBC}") = "Program-W01-2-H06", "Program-W01-2-H06\Program-W01-2-H06.csproj", "{FBE9A0E0-C9EE-4173-80F2-72AB5EE9C9F0}"
EndProject
Project("{FAE04EC0-301F-11D3-BF4B-00C04F79EFBC}") = "Program-W01-2-H07", "Program-W01-2-H07\Program-W01-2-H07.csproj", "{4D3B8F04-FF24-4C94-8B3C-C4F7D8A3EE15}"
EndProject
Project("{FAE04EC0-301F-11D3-BF4B-00C04F79EFBC}") = "Program-W01-2-H08", "Program-W01-2-H08\Program-W01-2-H08.csproj", "{802DB5B4-913D-4281-A0E3-27045E9F5399}"
EndProject
Project("{FAE04EC0-301F-11D3-BF4B-00C04F79EFBC}") = "Program-W01-2-H09", "Program-W01-2-H09\Program-W01-2-H09.csproj", "{7F93569A-CBAF-40BE-816D-690C9021C33B}"
EndProject
Project("{FAE04EC0-301F-11D3-BF4B-00C04F79EFBC}") = "Program-W01-2-H10", "Program-W01-2-H10\Program-W01-2-H10.csproj", "{21AA37F3-B8A7-48AB-BD61-66D2D116E68C}"
EndProject
Project("{FAE04EC0-301F-11D3-BF4B-00C04F79EFBC}") = "Program-W02-1-C01", "Program-W02-1-C01\Program-W02-1-C01.csproj", "{3F373AC1-A64E-435D-81C0-1DBC958629A7}"
EndProject
Project("{FAE04EC0-301F-11D3-BF4B-00C04F79EFBC}") = "Program-W02-1-C02", "Program-W02-1-C02\Program-W02-1-C02.csproj", "{80DA804C-B8F9-4BA0-A77A-2C116937501D}"
EndProject
Project("{FAE04EC0-301F-11D3-BF4B-00C04F79EFBC}") = "Program-W02-1-C03", "Program-W02-1-C03\Program-W02-1-C03.csproj", "{0D048533-416F-4075-BCC7-5E134AB043DB}"
EndProject
Project("{FAE04EC0-301F-11D3-BF4B-00C04F79EFBC}") = "Program-W02-1-C04", "Program-W02-1-C04\Program-W02-1-C04.csproj", "{A7F0379F-9130-4109-A3DF-7A4C8D3905E9}"
EndProject
Project("{FAE04EC0-301F-11D3-BF4B-00C04F79EFBC}") = "Program-W02-1-C05", "Program-W02-1-C05\Program-W02-1-C05.csproj", "{26C438BF-1F67-451F-9F83-7E78F1A6325A}"
EndProject
Project("{FAE04EC0-301F-11D3-BF4B-00C04F79EFBC}") = "Program-W02-1-C06", "Program-W02-1-C06\Program-W02-1-C06.csproj", "{1B679863-CDD8-4F62-9864-E91A2B9460F2}"
EndProject
Project("{FAE04EC0-301F-11D3-BF4B-00C04F79EFBC}") = "Program-W02-1-C07", "Program-W02-1-C07\Program-W02-1-C07.csproj", "{52A7B2F9-CC75-4529-802C-63C8F2CFACA1}"
EndProject
Project("{FAE04EC0-301F-11D3-BF4B-00C04F79EFBC}") = "Program-W02-1-C08", "Program-W02-1-C08\Program-W02-1-C08.csproj", "{66E7F029-961B-4D0C-A4C7-E2C1B2C5216D}"
EndProject
Project("{FAE04EC0-301F-11D3-BF4B-00C04F79EFBC}") = "Program-W02-1-C09", "Program-W02-1-C09\Program-W02-1-C09.csproj", "{3212A12D-2D6A-4846-A54D-F52E6C5DE9EC}"
EndProject
Project("{FAE04EC0-301F-11D3-BF4B-00C04F79EFBC}") = "Program-W02-1-H01", "Program-W02-1-H01\Program-W02-1-H01.csproj", "{105B51C9-D752-423B-815A-39BADB428F45}"
EndProject
Project("{FAE04EC0-301F-11D3-BF4B-00C04F79EFBC}") = "Program-W02-1-H02", "Program-W02-1-H02\Program-W02-1-H02.csproj", "{35B932EB-0111-4AC8-993E-4D56F6D31F5A}"
EndProject
Project("{FAE04EC0-301F-11D3-BF4B-00C04F79EFBC}") = "Program-W02-1-H03", "Program-W02-1-H03\Program-W02-1-H03.csproj", "{D49C87EB-2EF1-40CF-BD80-1834E8CD4AF1}"
EndProject
Project("{FAE04EC0-301F-11D3-BF4B-00C04F79EFBC}") = "Program-W02-1-H04", "Program-W02-1-H04\Program-W02-1-H04.csproj", "{E4E0BB11-97E9-47E7-93D2-FB55C9E70538}"
EndProject
Project("{FAE04EC0-301F-11D3-BF4B-00C04F79EFBC}") = "Program-W02-1-H05", "Program-W02-1-H05\Program-W02-1-H05.csproj", "{76AA5C0E-D937-410B-8D4F-11D00913EE64}"
EndProject
Project("{FAE04EC0-301F-11D3-BF4B-00C04F79EFBC}") = "Program-W02-2-H01", "Program-W02-2-H01\Program-W02-2-H01.csproj", "{0137F2BD-24DA-4A0B-A4BE-46402C2C18C5}"
EndProject
Project("{FAE04EC0-301F-11D3-BF4B-00C04F79EFBC}") = "Program-W02-2-H02", "Program-W02-2-H02\Program-W02-2-H02.csproj", "{97A573B1-832C-48E1-8EA2-E1F5AF32C501}"
EndProject
Project("{FAE04EC0-301F-11D3-BF4B-00C04F79EFBC}") = "Program-W02-2-H03", "Program-W02-2-H03\Program-W02-2-H03.csproj", "{8ECD084E-D7AF-41AE-914C-38714E1CC3B8}"
EndProject
Project("{FAE04EC0-301F-11D3-BF4B-00C04F79EFBC}") = "Program-W02-2-H04", "Program-W02-2-H04\Program-W02-2-H04.csproj", "{86EB0844-69A7-421C-A058-6F3463B80D8C}"
EndProject
Project("{FAE04EC0-301F-11D3-BF4B-00C04F79EFBC}") = "Program-W02-2-C01", "Program-W02-2-C01\Program-W02-2-C01.csproj", "{74AB768A-9209-4421-A69B-C8A3C51ADFD7}"
EndProject
Project("{FAE04EC0-301F-11D3-BF4B-00C04F79EFBC}") = "Program-W02-2-C02", "Program-W02-2-C02\Program-W02-2-C02.csproj", "{D2C34CE9-3FC2-4DE0-99A9-2FDAFB8E9992}"
EndProject
Project("{FAE04EC0-301F-11D3-BF4B-00C04F79EFBC}") = "Program-W02-2-C03", "Program-W02-2-C03\Program-W02-2-C03.csproj", "{EA2AF5BE-D1EF-4C82-B52C-72A5DA3B4B35}"
EndProject
Project("{FAE04EC0-301F-11D3-BF4B-00C04F79EFBC}") = "Program-W02-2-C04", "Program-W02-2-C04\Program-W02-2-C04.csproj", "{0A22009B-98E6-4384-885D-4C8662A085B0}"
EndProject
Project("{FAE04EC0-301F-11D3-BF4B-00C04F79EFBC}") = "Program-W02-2-C05", "Program-W02-2-C05\Program-W02-2-C05.csproj", "{CEA4EF6D-BD38-4032-9C0D-77F7E1B6CDCB}"
EndProject
Project("{FAE04EC0-301F-11D3-BF4B-00C04F79EFBC}") = "Program-W02-2-C06", "Program-W02-2-C06\Program-W02-2-C06.csproj", "{9C397148-989C-4527-BEEE-10586E41F682}"
EndProject
Project("{FAE04EC0-301F-11D3-BF4B-00C04F79EFBC}") = "Program-W02-2-C07", "Program-W02-2-C07\Program-W02-2-C07.csproj", "{FD762DEB-2930-41AD-B654-10250C407BE2}"
EndProject
Project("{FAE04EC0-301F-11D3-BF4B-00C04F79EFBC}") = "Program-W02-2-C08", "Program-W02-2-C08\Program-W02-2-C08.csproj", "{73131514-8F48-41DF-A813-C865A1B2E05D}"
EndProject
Project("{FAE04EC0-301F-11D3-BF4B-00C04F79EFBC}") = "Program-W02-2-C09", "Program-W02-2-C09\Program-W02-2-C09.csproj", "{F6589406-AEBB-4BA6-AF17-5585DFAC3AFB}"
EndProject
Global
	GlobalSection(SolutionConfigurationPlatforms) = preSolution
		Debug|Any CPU = Debug|Any CPU
		Release|Any CPU = Release|Any CPU
	EndGlobalSection
	GlobalSection(ProjectConfigurationPlatforms) = postSolution
		{805CDFF8-0DE3-4F9D-B05B-3152A3C8AACC}.Debug|Any CPU.ActiveCfg = Debug|Any CPU
		{805CDFF8-0DE3-4F9D-B05B-3152A3C8AACC}.Debug|Any CPU.Build.0 = Debug|Any CPU
		{805CDFF8-0DE3-4F9D-B05B-3152A3C8AACC}.Release|Any CPU.ActiveCfg = Release|Any CPU
		{805CDFF8-0DE3-4F9D-B05B-3152A3C8AACC}.Release|Any CPU.Build.0 = Release|Any CPU
		{209FC9A3-73D4-4EBC-99D9-F1BD611266B0}.Debug|Any CPU.ActiveCfg = Debug|Any CPU
		{209FC9A3-73D4-4EBC-99D9-F1BD611266B0}.Debug|Any CPU.Build.0 = Debug|Any CPU
		{209FC9A3-73D4-4EBC-99D9-F1BD611266B0}.Release|Any CPU.ActiveCfg = Release|Any CPU
		{209FC9A3-73D4-4EBC-99D9-F1BD611266B0}.Release|Any CPU.Build.0 = Release|Any CPU
		{40BA68E0-73F2-4729-B266-AAC7EB62DB5A}.Debug|Any CPU.ActiveCfg = Debug|Any CPU
		{40BA68E0-73F2-4729-B266-AAC7EB62DB5A}.Debug|Any CPU.Build.0 = Debug|Any CPU
		{40BA68E0-73F2-4729-B266-AAC7EB62DB5A}.Release|Any CPU.ActiveCfg = Release|Any CPU
		{40BA68E0-73F2-4729-B266-AAC7EB62DB5A}.Release|Any CPU.Build.0 = Release|Any CPU
		{DDB839FE-CD54-4593-8D31-9ABE99404126}.Debug|Any CPU.ActiveCfg = Debug|Any CPU
		{DDB839FE-CD54-4593-8D31-9ABE99404126}.Debug|Any CPU.Build.0 = Debug|Any CPU
		{DDB839FE-CD54-4593-8D31-9ABE99404126}.Release|Any CPU.ActiveCfg = Release|Any CPU
		{DDB839FE-CD54-4593-8D31-9ABE99404126}.Release|Any CPU.Build.0 = Release|Any CPU
		{78D25CE4-A094-46DE-A126-295247D759FD}.Debug|Any CPU.ActiveCfg = Debug|Any CPU
		{78D25CE4-A094-46DE-A126-295247D759FD}.Debug|Any CPU.Build.0 = Debug|Any CPU
		{78D25CE4-A094-46DE-A126-295247D759FD}.Release|Any CPU.ActiveCfg = Release|Any CPU
		{78D25CE4-A094-46DE-A126-295247D759FD}.Release|Any CPU.Build.0 = Release|Any CPU
		{7092C224-7DF0-435C-8F89-A42ABF327303}.Debug|Any CPU.ActiveCfg = Debug|Any CPU
		{7092C224-7DF0-435C-8F89-A42ABF327303}.Debug|Any CPU.Build.0 = Debug|Any CPU
		{7092C224-7DF0-435C-8F89-A42ABF327303}.Release|Any CPU.ActiveCfg = Release|Any CPU
		{7092C224-7DF0-435C-8F89-A42ABF327303}.Release|Any CPU.Build.0 = Release|Any CPU
		{8369CDA5-2626-4070-8B93-7FD7A0C00782}.Debug|Any CPU.ActiveCfg = Debug|Any CPU
		{8369CDA5-2626-4070-8B93-7FD7A0C00782}.Debug|Any CPU.Build.0 = Debug|Any CPU
		{8369CDA5-2626-4070-8B93-7FD7A0C00782}.Release|Any CPU.ActiveCfg = Release|Any CPU
		{8369CDA5-2626-4070-8B93-7FD7A0C00782}.Release|Any CPU.Build.0 = Release|Any CPU
		{7BB44FE0-737D-4BE8-9138-C26085600A6A}.Debug|Any CPU.ActiveCfg = Debug|Any CPU
		{7BB44FE0-737D-4BE8-9138-C26085600A6A}.Debug|Any CPU.Build.0 = Debug|Any CPU
		{7BB44FE0-737D-4BE8-9138-C26085600A6A}.Release|Any CPU.ActiveCfg = Release|Any CPU
		{7BB44FE0-737D-4BE8-9138-C26085600A6A}.Release|Any CPU.Build.0 = Release|Any CPU
		{D2C85D38-5A94-44B8-895C-DDC18E1B1B72}.Debug|Any CPU.ActiveCfg = Debug|Any CPU
		{D2C85D38-5A94-44B8-895C-DDC18E1B1B72}.Debug|Any CPU.Build.0 = Debug|Any CPU
		{D2C85D38-5A94-44B8-895C-DDC18E1B1B72}.Release|Any CPU.ActiveCfg = Release|Any CPU
		{D2C85D38-5A94-44B8-895C-DDC18E1B1B72}.Release|Any CPU.Build.0 = Release|Any CPU
		{BE1941A1-827A-4951-B069-8D3C10F6F098}.Debug|Any CPU.ActiveCfg = Debug|Any CPU
		{BE1941A1-827A-4951-B069-8D3C10F6F098}.Debug|Any CPU.Build.0 = Debug|Any CPU
		{BE1941A1-827A-4951-B069-8D3C10F6F098}.Release|Any CPU.ActiveCfg = Release|Any CPU
		{BE1941A1-827A-4951-B069-8D3C10F6F098}.Release|Any CPU.Build.0 = Release|Any CPU
		{D0A3BF2C-6C81-4F70-9C4A-CB846F50D9AE}.Debug|Any CPU.ActiveCfg = Debug|Any CPU
		{D0A3BF2C-6C81-4F70-9C4A-CB846F50D9AE}.Debug|Any CPU.Build.0 = Debug|Any CPU
		{D0A3BF2C-6C81-4F70-9C4A-CB846F50D9AE}.Release|Any CPU.ActiveCfg = Release|Any CPU
		{D0A3BF2C-6C81-4F70-9C4A-CB846F50D9AE}.Release|Any CPU.Build.0 = Release|Any CPU
		{2D37FFDB-D52C-4852-8EF3-4EE66FB65698}.Debug|Any CPU.ActiveCfg = Debug|Any CPU
		{2D37FFDB-D52C-4852-8EF3-4EE66FB65698}.Debug|Any CPU.Build.0 = Debug|Any CPU
		{2D37FFDB-D52C-4852-8EF3-4EE66FB65698}.Release|Any CPU.ActiveCfg = Release|Any CPU
		{2D37FFDB-D52C-4852-8EF3-4EE66FB65698}.Release|Any CPU.Build.0 = Release|Any CPU
		{0EC58F1A-4478-4384-A788-0D777EBBABE4}.Debug|Any CPU.ActiveCfg = Debug|Any CPU
		{0EC58F1A-4478-4384-A788-0D777EBBABE4}.Debug|Any CPU.Build.0 = Debug|Any CPU
		{0EC58F1A-4478-4384-A788-0D777EBBABE4}.Release|Any CPU.ActiveCfg = Release|Any CPU
		{0EC58F1A-4478-4384-A788-0D777EBBABE4}.Release|Any CPU.Build.0 = Release|Any CPU
		{471B2E9D-9D82-4158-8DD5-710FC05F97FB}.Debug|Any CPU.ActiveCfg = Debug|Any CPU
		{471B2E9D-9D82-4158-8DD5-710FC05F97FB}.Debug|Any CPU.Build.0 = Debug|Any CPU
		{471B2E9D-9D82-4158-8DD5-710FC05F97FB}.Release|Any CPU.ActiveCfg = Release|Any CPU
		{471B2E9D-9D82-4158-8DD5-710FC05F97FB}.Release|Any CPU.Build.0 = Release|Any CPU
		{5569EE6F-614B-4D6B-A1AC-CB672C6E5CC4}.Debug|Any CPU.ActiveCfg = Debug|Any CPU
		{5569EE6F-614B-4D6B-A1AC-CB672C6E5CC4}.Debug|Any CPU.Build.0 = Debug|Any CPU
		{5569EE6F-614B-4D6B-A1AC-CB672C6E5CC4}.Release|Any CPU.ActiveCfg = Release|Any CPU
		{5569EE6F-614B-4D6B-A1AC-CB672C6E5CC4}.Release|Any CPU.Build.0 = Release|Any CPU
		{2B6DED44-BBBD-49D2-BE77-72920FF497E8}.Debug|Any CPU.ActiveCfg = Debug|Any CPU
		{2B6DED44-BBBD-49D2-BE77-72920FF497E8}.Debug|Any CPU.Build.0 = Debug|Any CPU
		{2B6DED44-BBBD-49D2-BE77-72920FF497E8}.Release|Any CPU.ActiveCfg = Release|Any CPU
		{2B6DED44-BBBD-49D2-BE77-72920FF497E8}.Release|Any CPU.Build.0 = Release|Any CPU
		{AEE79B6A-E1E1-4219-AA8A-120C11028C76}.Debug|Any CPU.ActiveCfg = Debug|Any CPU
		{AEE79B6A-E1E1-4219-AA8A-120C11028C76}.Debug|Any CPU.Build.0 = Debug|Any CPU
		{AEE79B6A-E1E1-4219-AA8A-120C11028C76}.Release|Any CPU.ActiveCfg = Release|Any CPU
		{AEE79B6A-E1E1-4219-AA8A-120C11028C76}.Release|Any CPU.Build.0 = Release|Any CPU
		{CCA59AC3-DC81-4842-AB2E-F4AD173396DB}.Debug|Any CPU.ActiveCfg = Debug|Any CPU
		{CCA59AC3-DC81-4842-AB2E-F4AD173396DB}.Debug|Any CPU.Build.0 = Debug|Any CPU
		{CCA59AC3-DC81-4842-AB2E-F4AD173396DB}.Release|Any CPU.ActiveCfg = Release|Any CPU
		{CCA59AC3-DC81-4842-AB2E-F4AD173396DB}.Release|Any CPU.Build.0 = Release|Any CPU
		{3C70F71B-D140-4EA0-9127-617182B16F4F}.Debug|Any CPU.ActiveCfg = Debug|Any CPU
		{3C70F71B-D140-4EA0-9127-617182B16F4F}.Debug|Any CPU.Build.0 = Debug|Any CPU
		{3C70F71B-D140-4EA0-9127-617182B16F4F}.Release|Any CPU.ActiveCfg = Release|Any CPU
		{3C70F71B-D140-4EA0-9127-617182B16F4F}.Release|Any CPU.Build.0 = Release|Any CPU
		{D8F97FB7-157A-4BEF-AF90-5CB68F7C84C7}.Debug|Any CPU.ActiveCfg = Debug|Any CPU
		{D8F97FB7-157A-4BEF-AF90-5CB68F7C84C7}.Debug|Any CPU.Build.0 = Debug|Any CPU
		{D8F97FB7-157A-4BEF-AF90-5CB68F7C84C7}.Release|Any CPU.ActiveCfg = Release|Any CPU
		{D8F97FB7-157A-4BEF-AF90-5CB68F7C84C7}.Release|Any CPU.Build.0 = Release|Any CPU
		{1380FFCD-D0FE-497D-8CEE-CB0E3F3F4BE7}.Debug|Any CPU.ActiveCfg = Debug|Any CPU
		{1380FFCD-D0FE-497D-8CEE-CB0E3F3F4BE7}.Debug|Any CPU.Build.0 = Debug|Any CPU
		{1380FFCD-D0FE-497D-8CEE-CB0E3F3F4BE7}.Release|Any CPU.ActiveCfg = Release|Any CPU
		{1380FFCD-D0FE-497D-8CEE-CB0E3F3F4BE7}.Release|Any CPU.Build.0 = Release|Any CPU
		{66E7DD33-3BC2-4CB0-A28F-9D89266A7B80}.Debug|Any CPU.ActiveCfg = Debug|Any CPU
		{66E7DD33-3BC2-4CB0-A28F-9D89266A7B80}.Debug|Any CPU.Build.0 = Debug|Any CPU
		{66E7DD33-3BC2-4CB0-A28F-9D89266A7B80}.Release|Any CPU.ActiveCfg = Release|Any CPU
		{66E7DD33-3BC2-4CB0-A28F-9D89266A7B80}.Release|Any CPU.Build.0 = Release|Any CPU
		{E31027EF-28D4-48D9-A71D-AA7295E60BB1}.Debug|Any CPU.ActiveCfg = Debug|Any CPU
		{E31027EF-28D4-48D9-A71D-AA7295E60BB1}.Debug|Any CPU.Build.0 = Debug|Any CPU
		{E31027EF-28D4-48D9-A71D-AA7295E60BB1}.Release|Any CPU.ActiveCfg = Release|Any CPU
		{E31027EF-28D4-48D9-A71D-AA7295E60BB1}.Release|Any CPU.Build.0 = Release|Any CPU
		{BD31F9DD-9601-41D8-9155-DD99963D227D}.Debug|Any CPU.ActiveCfg = Debug|Any CPU
		{BD31F9DD-9601-41D8-9155-DD99963D227D}.Debug|Any CPU.Build.0 = Debug|Any CPU
		{BD31F9DD-9601-41D8-9155-DD99963D227D}.Release|Any CPU.ActiveCfg = Release|Any CPU
		{BD31F9DD-9601-41D8-9155-DD99963D227D}.Release|Any CPU.Build.0 = Release|Any CPU
		{4055951C-E972-47E9-B02B-46FBBB4AFEFC}.Debug|Any CPU.ActiveCfg = Debug|Any CPU
		{4055951C-E972-47E9-B02B-46FBBB4AFEFC}.Debug|Any CPU.Build.0 = Debug|Any CPU
		{4055951C-E972-47E9-B02B-46FBBB4AFEFC}.Release|Any CPU.ActiveCfg = Release|Any CPU
		{4055951C-E972-47E9-B02B-46FBBB4AFEFC}.Release|Any CPU.Build.0 = Release|Any CPU
		{C0643D51-E300-4586-B4BE-919BCC86DC21}.Debug|Any CPU.ActiveCfg = Debug|Any CPU
		{C0643D51-E300-4586-B4BE-919BCC86DC21}.Debug|Any CPU.Build.0 = Debug|Any CPU
		{C0643D51-E300-4586-B4BE-919BCC86DC21}.Release|Any CPU.ActiveCfg = Release|Any CPU
		{C0643D51-E300-4586-B4BE-919BCC86DC21}.Release|Any CPU.Build.0 = Release|Any CPU
		{53F504B3-8FBE-4641-903B-B954E0DB3C01}.Debug|Any CPU.ActiveCfg = Debug|Any CPU
		{53F504B3-8FBE-4641-903B-B954E0DB3C01}.Debug|Any CPU.Build.0 = Debug|Any CPU
		{53F504B3-8FBE-4641-903B-B954E0DB3C01}.Release|Any CPU.ActiveCfg = Release|Any CPU
		{53F504B3-8FBE-4641-903B-B954E0DB3C01}.Release|Any CPU.Build.0 = Release|Any CPU
		{7F0D8CC1-6834-4FC7-88A3-6F0EB4CEE1A0}.Debug|Any CPU.ActiveCfg = Debug|Any CPU
		{7F0D8CC1-6834-4FC7-88A3-6F0EB4CEE1A0}.Debug|Any CPU.Build.0 = Debug|Any CPU
		{7F0D8CC1-6834-4FC7-88A3-6F0EB4CEE1A0}.Release|Any CPU.ActiveCfg = Release|Any CPU
		{7F0D8CC1-6834-4FC7-88A3-6F0EB4CEE1A0}.Release|Any CPU.Build.0 = Release|Any CPU
		{4F44890D-F0CD-4298-8F02-24D6009137D3}.Debug|Any CPU.ActiveCfg = Debug|Any CPU
		{4F44890D-F0CD-4298-8F02-24D6009137D3}.Debug|Any CPU.Build.0 = Debug|Any CPU
		{4F44890D-F0CD-4298-8F02-24D6009137D3}.Release|Any CPU.ActiveCfg = Release|Any CPU
		{4F44890D-F0CD-4298-8F02-24D6009137D3}.Release|Any CPU.Build.0 = Release|Any CPU
		{C349EDB8-AC29-4307-9164-E6140E94C802}.Debug|Any CPU.ActiveCfg = Debug|Any CPU
		{C349EDB8-AC29-4307-9164-E6140E94C802}.Debug|Any CPU.Build.0 = Debug|Any CPU
		{C349EDB8-AC29-4307-9164-E6140E94C802}.Release|Any CPU.ActiveCfg = Release|Any CPU
		{C349EDB8-AC29-4307-9164-E6140E94C802}.Release|Any CPU.Build.0 = Release|Any CPU
		{70E52D28-8149-465A-BE7B-B3248A87B4B4}.Debug|Any CPU.ActiveCfg = Debug|Any CPU
		{70E52D28-8149-465A-BE7B-B3248A87B4B4}.Debug|Any CPU.Build.0 = Debug|Any CPU
		{70E52D28-8149-465A-BE7B-B3248A87B4B4}.Release|Any CPU.ActiveCfg = Release|Any CPU
		{70E52D28-8149-465A-BE7B-B3248A87B4B4}.Release|Any CPU.Build.0 = Release|Any CPU
		{FBE9A0E0-C9EE-4173-80F2-72AB5EE9C9F0}.Debug|Any CPU.ActiveCfg = Debug|Any CPU
		{FBE9A0E0-C9EE-4173-80F2-72AB5EE9C9F0}.Debug|Any CPU.Build.0 = Debug|Any CPU
		{FBE9A0E0-C9EE-4173-80F2-72AB5EE9C9F0}.Release|Any CPU.ActiveCfg = Release|Any CPU
		{FBE9A0E0-C9EE-4173-80F2-72AB5EE9C9F0}.Release|Any CPU.Build.0 = Release|Any CPU
		{4D3B8F04-FF24-4C94-8B3C-C4F7D8A3EE15}.Debug|Any CPU.ActiveCfg = Debug|Any CPU
		{4D3B8F04-FF24-4C94-8B3C-C4F7D8A3EE15}.Debug|Any CPU.Build.0 = Debug|Any CPU
		{4D3B8F04-FF24-4C94-8B3C-C4F7D8A3EE15}.Release|Any CPU.ActiveCfg = Release|Any CPU
		{4D3B8F04-FF24-4C94-8B3C-C4F7D8A3EE15}.Release|Any CPU.Build.0 = Release|Any CPU
		{802DB5B4-913D-4281-A0E3-27045E9F5399}.Debug|Any CPU.ActiveCfg = Debug|Any CPU
		{802DB5B4-913D-4281-A0E3-27045E9F5399}.Debug|Any CPU.Build.0 = Debug|Any CPU
		{802DB5B4-913D-4281-A0E3-27045E9F5399}.Release|Any CPU.ActiveCfg = Release|Any CPU
		{802DB5B4-913D-4281-A0E3-27045E9F5399}.Release|Any CPU.Build.0 = Release|Any CPU
		{7F93569A-CBAF-40BE-816D-690C9021C33B}.Debug|Any CPU.ActiveCfg = Debug|Any CPU
		{7F93569A-CBAF-40BE-816D-690C9021C33B}.Debug|Any CPU.Build.0 = Debug|Any CPU
		{7F93569A-CBAF-40BE-816D-690C9021C33B}.Release|Any CPU.ActiveCfg = Release|Any CPU
		{7F93569A-CBAF-40BE-816D-690C9021C33B}.Release|Any CPU.Build.0 = Release|Any CPU
		{21AA37F3-B8A7-48AB-BD61-66D2D116E68C}.Debug|Any CPU.ActiveCfg = Debug|Any CPU
		{21AA37F3-B8A7-48AB-BD61-66D2D116E68C}.Debug|Any CPU.Build.0 = Debug|Any CPU
		{21AA37F3-B8A7-48AB-BD61-66D2D116E68C}.Release|Any CPU.ActiveCfg = Release|Any CPU
		{21AA37F3-B8A7-48AB-BD61-66D2D116E68C}.Release|Any CPU.Build.0 = Release|Any CPU
		{3F373AC1-A64E-435D-81C0-1DBC958629A7}.Debug|Any CPU.ActiveCfg = Debug|Any CPU
		{3F373AC1-A64E-435D-81C0-1DBC958629A7}.Debug|Any CPU.Build.0 = Debug|Any CPU
		{3F373AC1-A64E-435D-81C0-1DBC958629A7}.Release|Any CPU.ActiveCfg = Release|Any CPU
		{3F373AC1-A64E-435D-81C0-1DBC958629A7}.Release|Any CPU.Build.0 = Release|Any CPU
		{80DA804C-B8F9-4BA0-A77A-2C116937501D}.Debug|Any CPU.ActiveCfg = Debug|Any CPU
		{80DA804C-B8F9-4BA0-A77A-2C116937501D}.Debug|Any CPU.Build.0 = Debug|Any CPU
		{80DA804C-B8F9-4BA0-A77A-2C116937501D}.Release|Any CPU.ActiveCfg = Release|Any CPU
		{80DA804C-B8F9-4BA0-A77A-2C116937501D}.Release|Any CPU.Build.0 = Release|Any CPU
		{0D048533-416F-4075-BCC7-5E134AB043DB}.Debug|Any CPU.ActiveCfg = Debug|Any CPU
		{0D048533-416F-4075-BCC7-5E134AB043DB}.Debug|Any CPU.Build.0 = Debug|Any CPU
		{0D048533-416F-4075-BCC7-5E134AB043DB}.Release|Any CPU.ActiveCfg = Release|Any CPU
		{0D048533-416F-4075-BCC7-5E134AB043DB}.Release|Any CPU.Build.0 = Release|Any CPU
		{A7F0379F-9130-4109-A3DF-7A4C8D3905E9}.Debug|Any CPU.ActiveCfg = Debug|Any CPU
		{A7F0379F-9130-4109-A3DF-7A4C8D3905E9}.Debug|Any CPU.Build.0 = Debug|Any CPU
		{A7F0379F-9130-4109-A3DF-7A4C8D3905E9}.Release|Any CPU.ActiveCfg = Release|Any CPU
		{A7F0379F-9130-4109-A3DF-7A4C8D3905E9}.Release|Any CPU.Build.0 = Release|Any CPU
		{26C438BF-1F67-451F-9F83-7E78F1A6325A}.Debug|Any CPU.ActiveCfg = Debug|Any CPU
		{26C438BF-1F67-451F-9F83-7E78F1A6325A}.Debug|Any CPU.Build.0 = Debug|Any CPU
		{26C438BF-1F67-451F-9F83-7E78F1A6325A}.Release|Any CPU.ActiveCfg = Release|Any CPU
		{26C438BF-1F67-451F-9F83-7E78F1A6325A}.Release|Any CPU.Build.0 = Release|Any CPU
		{1B679863-CDD8-4F62-9864-E91A2B9460F2}.Debug|Any CPU.ActiveCfg = Debug|Any CPU
		{1B679863-CDD8-4F62-9864-E91A2B9460F2}.Debug|Any CPU.Build.0 = Debug|Any CPU
		{1B679863-CDD8-4F62-9864-E91A2B9460F2}.Release|Any CPU.ActiveCfg = Release|Any CPU
		{1B679863-CDD8-4F62-9864-E91A2B9460F2}.Release|Any CPU.Build.0 = Release|Any CPU
		{52A7B2F9-CC75-4529-802C-63C8F2CFACA1}.Debug|Any CPU.ActiveCfg = Debug|Any CPU
		{52A7B2F9-CC75-4529-802C-63C8F2CFACA1}.Debug|Any CPU.Build.0 = Debug|Any CPU
		{52A7B2F9-CC75-4529-802C-63C8F2CFACA1}.Release|Any CPU.ActiveCfg = Release|Any CPU
		{52A7B2F9-CC75-4529-802C-63C8F2CFACA1}.Release|Any CPU.Build.0 = Release|Any CPU
		{66E7F029-961B-4D0C-A4C7-E2C1B2C5216D}.Debug|Any CPU.ActiveCfg = Debug|Any CPU
		{66E7F029-961B-4D0C-A4C7-E2C1B2C5216D}.Debug|Any CPU.Build.0 = Debug|Any CPU
		{66E7F029-961B-4D0C-A4C7-E2C1B2C5216D}.Release|Any CPU.ActiveCfg = Release|Any CPU
		{66E7F029-961B-4D0C-A4C7-E2C1B2C5216D}.Release|Any CPU.Build.0 = Release|Any CPU
		{3212A12D-2D6A-4846-A54D-F52E6C5DE9EC}.Debug|Any CPU.ActiveCfg = Debug|Any CPU
		{3212A12D-2D6A-4846-A54D-F52E6C5DE9EC}.Debug|Any CPU.Build.0 = Debug|Any CPU
		{3212A12D-2D6A-4846-A54D-F52E6C5DE9EC}.Release|Any CPU.ActiveCfg = Release|Any CPU
		{3212A12D-2D6A-4846-A54D-F52E6C5DE9EC}.Release|Any CPU.Build.0 = Release|Any CPU
		{105B51C9-D752-423B-815A-39BADB428F45}.Debug|Any CPU.ActiveCfg = Debug|Any CPU
		{105B51C9-D752-423B-815A-39BADB428F45}.Debug|Any CPU.Build.0 = Debug|Any CPU
		{105B51C9-D752-423B-815A-39BADB428F45}.Release|Any CPU.ActiveCfg = Release|Any CPU
		{105B51C9-D752-423B-815A-39BADB428F45}.Release|Any CPU.Build.0 = Release|Any CPU
		{35B932EB-0111-4AC8-993E-4D56F6D31F5A}.Debug|Any CPU.ActiveCfg = Debug|Any CPU
		{35B932EB-0111-4AC8-993E-4D56F6D31F5A}.Debug|Any CPU.Build.0 = Debug|Any CPU
		{35B932EB-0111-4AC8-993E-4D56F6D31F5A}.Release|Any CPU.ActiveCfg = Release|Any CPU
		{35B932EB-0111-4AC8-993E-4D56F6D31F5A}.Release|Any CPU.Build.0 = Release|Any CPU
		{D49C87EB-2EF1-40CF-BD80-1834E8CD4AF1}.Debug|Any CPU.ActiveCfg = Debug|Any CPU
		{D49C87EB-2EF1-40CF-BD80-1834E8CD4AF1}.Debug|Any CPU.Build.0 = Debug|Any CPU
		{D49C87EB-2EF1-40CF-BD80-1834E8CD4AF1}.Release|Any CPU.ActiveCfg = Release|Any CPU
		{D49C87EB-2EF1-40CF-BD80-1834E8CD4AF1}.Release|Any CPU.Build.0 = Release|Any CPU
		{E4E0BB11-97E9-47E7-93D2-FB55C9E70538}.Debug|Any CPU.ActiveCfg = Debug|Any CPU
		{E4E0BB11-97E9-47E7-93D2-FB55C9E70538}.Debug|Any CPU.Build.0 = Debug|Any CPU
		{E4E0BB11-97E9-47E7-93D2-FB55C9E70538}.Release|Any CPU.ActiveCfg = Release|Any CPU
		{E4E0BB11-97E9-47E7-93D2-FB55C9E70538}.Release|Any CPU.Build.0 = Release|Any CPU
		{76AA5C0E-D937-410B-8D4F-11D00913EE64}.Debug|Any CPU.ActiveCfg = Debug|Any CPU
		{76AA5C0E-D937-410B-8D4F-11D00913EE64}.Debug|Any CPU.Build.0 = Debug|Any CPU
		{76AA5C0E-D937-410B-8D4F-11D00913EE64}.Release|Any CPU.ActiveCfg = Release|Any CPU
		{76AA5C0E-D937-410B-8D4F-11D00913EE64}.Release|Any CPU.Build.0 = Release|Any CPU
		{0137F2BD-24DA-4A0B-A4BE-46402C2C18C5}.Debug|Any CPU.ActiveCfg = Debug|Any CPU
		{0137F2BD-24DA-4A0B-A4BE-46402C2C18C5}.Debug|Any CPU.Build.0 = Debug|Any CPU
		{0137F2BD-24DA-4A0B-A4BE-46402C2C18C5}.Release|Any CPU.ActiveCfg = Release|Any CPU
		{0137F2BD-24DA-4A0B-A4BE-46402C2C18C5}.Release|Any CPU.Build.0 = Release|Any CPU
		{97A573B1-832C-48E1-8EA2-E1F5AF32C501}.Debug|Any CPU.ActiveCfg = Debug|Any CPU
		{97A573B1-832C-48E1-8EA2-E1F5AF32C501}.Debug|Any CPU.Build.0 = Debug|Any CPU
		{97A573B1-832C-48E1-8EA2-E1F5AF32C501}.Release|Any CPU.ActiveCfg = Release|Any CPU
		{97A573B1-832C-48E1-8EA2-E1F5AF32C501}.Release|Any CPU.Build.0 = Release|Any CPU
		{8ECD084E-D7AF-41AE-914C-38714E1CC3B8}.Debug|Any CPU.ActiveCfg = Debug|Any CPU
		{8ECD084E-D7AF-41AE-914C-38714E1CC3B8}.Debug|Any CPU.Build.0 = Debug|Any CPU
		{8ECD084E-D7AF-41AE-914C-38714E1CC3B8}.Release|Any CPU.ActiveCfg = Release|Any CPU
		{8ECD084E-D7AF-41AE-914C-38714E1CC3B8}.Release|Any CPU.Build.0 = Release|Any CPU
		{86EB0844-69A7-421C-A058-6F3463B80D8C}.Debug|Any CPU.ActiveCfg = Debug|Any CPU
		{86EB0844-69A7-421C-A058-6F3463B80D8C}.Debug|Any CPU.Build.0 = Debug|Any CPU
		{86EB0844-69A7-421C-A058-6F3463B80D8C}.Release|Any CPU.ActiveCfg = Release|Any CPU
		{86EB0844-69A7-421C-A058-6F3463B80D8C}.Release|Any CPU.Build.0 = Release|Any CPU
		{74AB768A-9209-4421-A69B-C8A3C51ADFD7}.Debug|Any CPU.ActiveCfg = Debug|Any CPU
		{74AB768A-9209-4421-A69B-C8A3C51ADFD7}.Debug|Any CPU.Build.0 = Debug|Any CPU
		{74AB768A-9209-4421-A69B-C8A3C51ADFD7}.Release|Any CPU.ActiveCfg = Release|Any CPU
		{74AB768A-9209-4421-A69B-C8A3C51ADFD7}.Release|Any CPU.Build.0 = Release|Any CPU
		{D2C34CE9-3FC2-4DE0-99A9-2FDAFB8E9992}.Debug|Any CPU.ActiveCfg = Debug|Any CPU
		{D2C34CE9-3FC2-4DE0-99A9-2FDAFB8E9992}.Debug|Any CPU.Build.0 = Debug|Any CPU
		{D2C34CE9-3FC2-4DE0-99A9-2FDAFB8E9992}.Release|Any CPU.ActiveCfg = Release|Any CPU
		{D2C34CE9-3FC2-4DE0-99A9-2FDAFB8E9992}.Release|Any CPU.Build.0 = Release|Any CPU
		{EA2AF5BE-D1EF-4C82-B52C-72A5DA3B4B35}.Debug|Any CPU.ActiveCfg = Debug|Any CPU
		{EA2AF5BE-D1EF-4C82-B52C-72A5DA3B4B35}.Debug|Any CPU.Build.0 = Debug|Any CPU
		{EA2AF5BE-D1EF-4C82-B52C-72A5DA3B4B35}.Release|Any CPU.ActiveCfg = Release|Any CPU
		{EA2AF5BE-D1EF-4C82-B52C-72A5DA3B4B35}.Release|Any CPU.Build.0 = Release|Any CPU
		{0A22009B-98E6-4384-885D-4C8662A085B0}.Debug|Any CPU.ActiveCfg = Debug|Any CPU
		{0A22009B-98E6-4384-885D-4C8662A085B0}.Debug|Any CPU.Build.0 = Debug|Any CPU
		{0A22009B-98E6-4384-885D-4C8662A085B0}.Release|Any CPU.ActiveCfg = Release|Any CPU
		{0A22009B-98E6-4384-885D-4C8662A085B0}.Release|Any CPU.Build.0 = Release|Any CPU
		{CEA4EF6D-BD38-4032-9C0D-77F7E1B6CDCB}.Debug|Any CPU.ActiveCfg = Debug|Any CPU
		{CEA4EF6D-BD38-4032-9C0D-77F7E1B6CDCB}.Debug|Any CPU.Build.0 = Debug|Any CPU
		{CEA4EF6D-BD38-4032-9C0D-77F7E1B6CDCB}.Release|Any CPU.ActiveCfg = Release|Any CPU
		{CEA4EF6D-BD38-4032-9C0D-77F7E1B6CDCB}.Release|Any CPU.Build.0 = Release|Any CPU
		{9C397148-989C-4527-BEEE-10586E41F682}.Debug|Any CPU.ActiveCfg = Debug|Any CPU
		{9C397148-989C-4527-BEEE-10586E41F682}.Debug|Any CPU.Build.0 = Debug|Any CPU
		{9C397148-989C-4527-BEEE-10586E41F682}.Release|Any CPU.ActiveCfg = Release|Any CPU
		{9C397148-989C-4527-BEEE-10586E41F682}.Release|Any CPU.Build.0 = Release|Any CPU
		{FD762DEB-2930-41AD-B654-10250C407BE2}.Debug|Any CPU.ActiveCfg = Debug|Any CPU
		{FD762DEB-2930-41AD-B654-10250C407BE2}.Debug|Any CPU.Build.0 = Debug|Any CPU
		{FD762DEB-2930-41AD-B654-10250C407BE2}.Release|Any CPU.ActiveCfg = Release|Any CPU
		{FD762DEB-2930-41AD-B654-10250C407BE2}.Release|Any CPU.Build.0 = Release|Any CPU
		{73131514-8F48-41DF-A813-C865A1B2E05D}.Debug|Any CPU.ActiveCfg = Debug|Any CPU
		{73131514-8F48-41DF-A813-C865A1B2E05D}.Debug|Any CPU.Build.0 = Debug|Any CPU
		{73131514-8F48-41DF-A813-C865A1B2E05D}.Release|Any CPU.ActiveCfg = Release|Any CPU
		{73131514-8F48-41DF-A813-C865A1B2E05D}.Release|Any CPU.Build.0 = Release|Any CPU
		{F6589406-AEBB-4BA6-AF17-5585DFAC3AFB}.Debug|Any CPU.ActiveCfg = Debug|Any CPU
		{F6589406-AEBB-4BA6-AF17-5585DFAC3AFB}.Debug|Any CPU.Build.0 = Debug|Any CPU
		{F6589406-AEBB-4BA6-AF17-5585DFAC3AFB}.Release|Any CPU.ActiveCfg = Release|Any CPU
		{F6589406-AEBB-4BA6-AF17-5585DFAC3AFB}.Release|Any CPU.Build.0 = Release|Any CPU
	EndGlobalSection
	GlobalSection(NestedProjects) = preSolution
		{D463FD78-98E4-4849-B873-6C3B8132CDF2} = {D7DD3B32-99BC-4A70-823C-1BDAA01E9B48}
		{9BE59B10-0F1D-47A1-AB2A-2E58B80075A5} = {D463FD78-98E4-4849-B873-6C3B8132CDF2}
		{84567EC5-AE82-4F99-91C5-3018333A5E47} = {9BE59B10-0F1D-47A1-AB2A-2E58B80075A5}
		{805CDFF8-0DE3-4F9D-B05B-3152A3C8AACC} = {84567EC5-AE82-4F99-91C5-3018333A5E47}
		{AAB459F6-0ED6-41BF-B7FA-3828236A8B54} = {2E0EDFE8-1C1D-4C22-A95F-64A38A06E3C5}
		{250F046C-CD2F-4E56-9896-5876110B4B59} = {2E0EDFE8-1C1D-4C22-A95F-64A38A06E3C5}
		{A119D927-2290-415B-9187-E8659FDFB4A2} = {AAB459F6-0ED6-41BF-B7FA-3828236A8B54}
		{3193E9AC-E923-471D-950A-33DA1444D2AE} = {AAB459F6-0ED6-41BF-B7FA-3828236A8B54}
		{F59ECE2F-3967-4EF5-88A8-33B7325CC00A} = {A119D927-2290-415B-9187-E8659FDFB4A2}
		{209FC9A3-73D4-4EBC-99D9-F1BD611266B0} = {F59ECE2F-3967-4EF5-88A8-33B7325CC00A}
		{408565D5-5A67-4ABD-9F7A-FCCBEA152E03} = {A119D927-2290-415B-9187-E8659FDFB4A2}
		{40BA68E0-73F2-4729-B266-AAC7EB62DB5A} = {408565D5-5A67-4ABD-9F7A-FCCBEA152E03}
		{548A280D-84DE-45C8-AA71-0F2EDA9F1290} = {A119D927-2290-415B-9187-E8659FDFB4A2}
		{DC3B5B20-AF05-48C3-B9E8-7C58AEC03923} = {A119D927-2290-415B-9187-E8659FDFB4A2}
		{142AF934-86FB-473A-BAC2-0DD48E2B1CF2} = {A119D927-2290-415B-9187-E8659FDFB4A2}
		{33424831-2D05-44CE-A15F-830F82F962DB} = {A119D927-2290-415B-9187-E8659FDFB4A2}
		{5AF5295E-F224-4125-B157-25C9BA945886} = {A119D927-2290-415B-9187-E8659FDFB4A2}
		{87898612-1439-4DBB-9016-62DDFBD374C5} = {A119D927-2290-415B-9187-E8659FDFB4A2}
		{FC1A7C3A-7AF8-4454-A1F6-9C7D22E1B72F} = {A119D927-2290-415B-9187-E8659FDFB4A2}
		{DDB839FE-CD54-4593-8D31-9ABE99404126} = {548A280D-84DE-45C8-AA71-0F2EDA9F1290}
		{78D25CE4-A094-46DE-A126-295247D759FD} = {DC3B5B20-AF05-48C3-B9E8-7C58AEC03923}
		{7092C224-7DF0-435C-8F89-A42ABF327303} = {142AF934-86FB-473A-BAC2-0DD48E2B1CF2}
		{8369CDA5-2626-4070-8B93-7FD7A0C00782} = {33424831-2D05-44CE-A15F-830F82F962DB}
		{7BB44FE0-737D-4BE8-9138-C26085600A6A} = {5AF5295E-F224-4125-B157-25C9BA945886}
		{D2C85D38-5A94-44B8-895C-DDC18E1B1B72} = {87898612-1439-4DBB-9016-62DDFBD374C5}
		{BE1941A1-827A-4951-B069-8D3C10F6F098} = {FC1A7C3A-7AF8-4454-A1F6-9C7D22E1B72F}
		{89B8AAEA-5B79-4F9B-8629-DECC67B0EE6C} = {3193E9AC-E923-471D-950A-33DA1444D2AE}
		{5FA62331-EB38-4AD0-9023-19827AC6BE77} = {3193E9AC-E923-471D-950A-33DA1444D2AE}
		{315EC447-72E2-4571-8D2E-872EC5E14C75} = {3193E9AC-E923-471D-950A-33DA1444D2AE}
		{C09A15BE-5170-4179-92B2-CA04B5A0B261} = {3193E9AC-E923-471D-950A-33DA1444D2AE}
		{DC06F7F3-0EF9-4B29-A43A-C867F7FE0782} = {3193E9AC-E923-471D-950A-33DA1444D2AE}
		{42C5F0EB-A14C-40B4-A315-D93C938ACBBE} = {3193E9AC-E923-471D-950A-33DA1444D2AE}
		{D0A3BF2C-6C81-4F70-9C4A-CB846F50D9AE} = {89B8AAEA-5B79-4F9B-8629-DECC67B0EE6C}
		{2D37FFDB-D52C-4852-8EF3-4EE66FB65698} = {5FA62331-EB38-4AD0-9023-19827AC6BE77}
		{0EC58F1A-4478-4384-A788-0D777EBBABE4} = {315EC447-72E2-4571-8D2E-872EC5E14C75}
		{471B2E9D-9D82-4158-8DD5-710FC05F97FB} = {C09A15BE-5170-4179-92B2-CA04B5A0B261}
		{5569EE6F-614B-4D6B-A1AC-CB672C6E5CC4} = {DC06F7F3-0EF9-4B29-A43A-C867F7FE0782}
		{2B6DED44-BBBD-49D2-BE77-72920FF497E8} = {42C5F0EB-A14C-40B4-A315-D93C938ACBBE}
		{0DD47233-05E6-4CA5-9B7D-A77445BE5C45} = {250F046C-CD2F-4E56-9896-5876110B4B59}
		{A210BE1A-E56A-45CB-A3ED-0224F1C40CB0} = {250F046C-CD2F-4E56-9896-5876110B4B59}
		{7B60ADE6-01C7-4F41-B06F-AF6233043B1B} = {0DD47233-05E6-4CA5-9B7D-A77445BE5C45}
		{AC291815-18F7-499B-BAA6-8B43592D438E} = {0DD47233-05E6-4CA5-9B7D-A77445BE5C45}
		{DC53C5D6-17D4-4A39-9CF8-08F0F16D8D6F} = {0DD47233-05E6-4CA5-9B7D-A77445BE5C45}
		{0C069CC6-1213-4204-94E3-1973917FCE25} = {0DD47233-05E6-4CA5-9B7D-A77445BE5C45}
		{F094BAE1-CCCA-45E1-9151-1A2372075D53} = {0DD47233-05E6-4CA5-9B7D-A77445BE5C45}
		{BC94C8F6-DA50-423D-8E93-E5ACD3A77F23} = {0DD47233-05E6-4CA5-9B7D-A77445BE5C45}
		{8FAB5821-21F4-4155-8549-ECAC1F6671D9} = {0DD47233-05E6-4CA5-9B7D-A77445BE5C45}
		{09DD0280-008B-4F40-9BD5-C2D3B6B72FE1} = {0DD47233-05E6-4CA5-9B7D-A77445BE5C45}
		{6640F861-3714-4DE4-B4CB-BB50B0E73DDC} = {0DD47233-05E6-4CA5-9B7D-A77445BE5C45}
		{D77608AD-6874-4F2C-B2FC-F55C31400DC7} = {0DD47233-05E6-4CA5-9B7D-A77445BE5C45}
		{3534858E-8F47-4E7A-B1BA-03B06E0BD87E} = {A210BE1A-E56A-45CB-A3ED-0224F1C40CB0}
		{5B16220A-43B2-44A0-9896-B5CA6425A255} = {A210BE1A-E56A-45CB-A3ED-0224F1C40CB0}
		{E0FF575C-5DC1-42B2-BC98-F0304AEF0A63} = {A210BE1A-E56A-45CB-A3ED-0224F1C40CB0}
		{7FF999FE-47D5-44CA-8791-45ABF415C310} = {A210BE1A-E56A-45CB-A3ED-0224F1C40CB0}
		{74A314C5-7413-40E1-8123-EC2E6E3D5574} = {A210BE1A-E56A-45CB-A3ED-0224F1C40CB0}
		{51321516-2602-4858-887E-81BED5B48861} = {A210BE1A-E56A-45CB-A3ED-0224F1C40CB0}
		{C835C697-F038-4E18-BEAB-E3793272AB07} = {A210BE1A-E56A-45CB-A3ED-0224F1C40CB0}
		{D11DA293-377E-4987-8354-A95B6ACDF051} = {A210BE1A-E56A-45CB-A3ED-0224F1C40CB0}
		{9C84927C-685A-4982-84BF-97A5FFE18378} = {A210BE1A-E56A-45CB-A3ED-0224F1C40CB0}
		{E7AD0F06-3B2E-48C2-A284-75AAC265FC18} = {A210BE1A-E56A-45CB-A3ED-0224F1C40CB0}
		{AF151700-EEDF-42DB-9345-157C3FBFB063} = {4545AFA1-A6FB-4C6A-B0B8-FB0152386B97}
		{832F17DE-4716-4E25-9BC1-FFC1FE1A0A22} = {4545AFA1-A6FB-4C6A-B0B8-FB0152386B97}
		{9FA74F8A-9874-4A4F-9471-6BCF6B667C29} = {AF151700-EEDF-42DB-9345-157C3FBFB063}
		{A354CBB9-E754-4FFA-B4B9-3932A7AEE6E8} = {AF151700-EEDF-42DB-9345-157C3FBFB063}
		{72F283EE-EC2C-4BC3-807A-C85B5A6B376C} = {832F17DE-4716-4E25-9BC1-FFC1FE1A0A22}
		{DAF9E5EE-3558-46B9-956B-52E2CBDECB0B} = {832F17DE-4716-4E25-9BC1-FFC1FE1A0A22}
		{6041A042-4027-4C7A-830F-6E228A42828B} = {9FA74F8A-9874-4A4F-9471-6BCF6B667C29}
		{2BD9EAC4-91C4-4C13-A0B4-051DDBA8E309} = {9FA74F8A-9874-4A4F-9471-6BCF6B667C29}
		{60ED7101-D5C6-4D9E-94A0-3154E7BE4281} = {9FA74F8A-9874-4A4F-9471-6BCF6B667C29}
		{EF15D9E2-CA23-4493-A80A-E3C220AB066C} = {9FA74F8A-9874-4A4F-9471-6BCF6B667C29}
		{84560DB4-D618-4C47-BA38-1BECFAC72CA4} = {9FA74F8A-9874-4A4F-9471-6BCF6B667C29}
		{A6E0908C-9F0A-4181-A42D-1179BC637F81} = {9FA74F8A-9874-4A4F-9471-6BCF6B667C29}
		{BBBA0D4F-9DE8-4709-A9B6-809E21B9BB96} = {9FA74F8A-9874-4A4F-9471-6BCF6B667C29}
		{BE8BEBE1-F752-46FD-8E47-623F6483ED06} = {9FA74F8A-9874-4A4F-9471-6BCF6B667C29}
		{5B23A11B-D54A-4776-BB63-96CF0AF83B70} = {9FA74F8A-9874-4A4F-9471-6BCF6B667C29}
		{1B39CF0A-16A4-4E83-B67A-5510E82CD165} = {A354CBB9-E754-4FFA-B4B9-3932A7AEE6E8}
		{8E08AB51-9178-43BC-87AD-7A5E55E7B3DA} = {A354CBB9-E754-4FFA-B4B9-3932A7AEE6E8}
		{B73EB561-2B16-49A4-857B-7132DE0DEDEF} = {A354CBB9-E754-4FFA-B4B9-3932A7AEE6E8}
		{FA19DBAD-BA47-415F-B9F4-C1683438B3C6} = {A354CBB9-E754-4FFA-B4B9-3932A7AEE6E8}
		{B846F669-CFC1-4D21-9D49-93B79EA4E56E} = {A354CBB9-E754-4FFA-B4B9-3932A7AEE6E8}
		{5BEDFAAE-122F-4770-95F1-59CA62FF0F36} = {72F283EE-EC2C-4BC3-807A-C85B5A6B376C}
		{D914C2F0-DCB0-4830-9BAB-210503C2A98A} = {72F283EE-EC2C-4BC3-807A-C85B5A6B376C}
		{3CB0CC9F-DBC1-4B44-895F-6C00D73BCA1B} = {72F283EE-EC2C-4BC3-807A-C85B5A6B376C}
		{0434D51C-07AE-4A2C-9014-78FE4301339B} = {72F283EE-EC2C-4BC3-807A-C85B5A6B376C}
		{9407C182-4EE3-4733-8A7B-5168E1421DB8} = {72F283EE-EC2C-4BC3-807A-C85B5A6B376C}
		{0FD79DDB-93CE-4611-8DD0-B376E84BDC0C} = {72F283EE-EC2C-4BC3-807A-C85B5A6B376C}
		{DDB328A6-8544-4DB7-A681-1985FE161AB0} = {72F283EE-EC2C-4BC3-807A-C85B5A6B376C}
		{94185929-5D75-4B89-ADB0-6F8291DE508D} = {72F283EE-EC2C-4BC3-807A-C85B5A6B376C}
		{EB67DBEC-2246-4681-955F-53F55450007E} = {72F283EE-EC2C-4BC3-807A-C85B5A6B376C}
		{66EFB802-883F-4DE4-9395-0CC74FD4153C} = {DAF9E5EE-3558-46B9-956B-52E2CBDECB0B}
		{41D05274-FC07-4DB6-8F24-1A454C50B7F9} = {DAF9E5EE-3558-46B9-956B-52E2CBDECB0B}
		{49EFE5FE-98FC-4533-A33E-3958C61952B6} = {DAF9E5EE-3558-46B9-956B-52E2CBDECB0B}
		{724EE7E2-892A-4375-9179-414ACA15E095} = {DAF9E5EE-3558-46B9-956B-52E2CBDECB0B}
		{AEE79B6A-E1E1-4219-AA8A-120C11028C76} = {7B60ADE6-01C7-4F41-B06F-AF6233043B1B}
		{CCA59AC3-DC81-4842-AB2E-F4AD173396DB} = {AC291815-18F7-499B-BAA6-8B43592D438E}
		{3C70F71B-D140-4EA0-9127-617182B16F4F} = {DC53C5D6-17D4-4A39-9CF8-08F0F16D8D6F}
		{D8F97FB7-157A-4BEF-AF90-5CB68F7C84C7} = {0C069CC6-1213-4204-94E3-1973917FCE25}
		{1380FFCD-D0FE-497D-8CEE-CB0E3F3F4BE7} = {F094BAE1-CCCA-45E1-9151-1A2372075D53}
		{66E7DD33-3BC2-4CB0-A28F-9D89266A7B80} = {BC94C8F6-DA50-423D-8E93-E5ACD3A77F23}
		{E31027EF-28D4-48D9-A71D-AA7295E60BB1} = {8FAB5821-21F4-4155-8549-ECAC1F6671D9}
		{BD31F9DD-9601-41D8-9155-DD99963D227D} = {09DD0280-008B-4F40-9BD5-C2D3B6B72FE1}
		{4055951C-E972-47E9-B02B-46FBBB4AFEFC} = {6640F861-3714-4DE4-B4CB-BB50B0E73DDC}
		{C0643D51-E300-4586-B4BE-919BCC86DC21} = {D77608AD-6874-4F2C-B2FC-F55C31400DC7}
		{53F504B3-8FBE-4641-903B-B954E0DB3C01} = {3534858E-8F47-4E7A-B1BA-03B06E0BD87E}
		{7F0D8CC1-6834-4FC7-88A3-6F0EB4CEE1A0} = {5B16220A-43B2-44A0-9896-B5CA6425A255}
		{4F44890D-F0CD-4298-8F02-24D6009137D3} = {E0FF575C-5DC1-42B2-BC98-F0304AEF0A63}
		{C349EDB8-AC29-4307-9164-E6140E94C802} = {7FF999FE-47D5-44CA-8791-45ABF415C310}
		{70E52D28-8149-465A-BE7B-B3248A87B4B4} = {74A314C5-7413-40E1-8123-EC2E6E3D5574}
		{FBE9A0E0-C9EE-4173-80F2-72AB5EE9C9F0} = {51321516-2602-4858-887E-81BED5B48861}
		{4D3B8F04-FF24-4C94-8B3C-C4F7D8A3EE15} = {C835C697-F038-4E18-BEAB-E3793272AB07}
		{802DB5B4-913D-4281-A0E3-27045E9F5399} = {D11DA293-377E-4987-8354-A95B6ACDF051}
		{7F93569A-CBAF-40BE-816D-690C9021C33B} = {9C84927C-685A-4982-84BF-97A5FFE18378}
		{21AA37F3-B8A7-48AB-BD61-66D2D116E68C} = {E7AD0F06-3B2E-48C2-A284-75AAC265FC18}
		{3F373AC1-A64E-435D-81C0-1DBC958629A7} = {6041A042-4027-4C7A-830F-6E228A42828B}
		{80DA804C-B8F9-4BA0-A77A-2C116937501D} = {2BD9EAC4-91C4-4C13-A0B4-051DDBA8E309}
		{0D048533-416F-4075-BCC7-5E134AB043DB} = {60ED7101-D5C6-4D9E-94A0-3154E7BE4281}
		{A7F0379F-9130-4109-A3DF-7A4C8D3905E9} = {EF15D9E2-CA23-4493-A80A-E3C220AB066C}
		{26C438BF-1F67-451F-9F83-7E78F1A6325A} = {84560DB4-D618-4C47-BA38-1BECFAC72CA4}
		{1B679863-CDD8-4F62-9864-E91A2B9460F2} = {A6E0908C-9F0A-4181-A42D-1179BC637F81}
		{52A7B2F9-CC75-4529-802C-63C8F2CFACA1} = {BBBA0D4F-9DE8-4709-A9B6-809E21B9BB96}
		{66E7F029-961B-4D0C-A4C7-E2C1B2C5216D} = {BE8BEBE1-F752-46FD-8E47-623F6483ED06}
		{3212A12D-2D6A-4846-A54D-F52E6C5DE9EC} = {5B23A11B-D54A-4776-BB63-96CF0AF83B70}
		{105B51C9-D752-423B-815A-39BADB428F45} = {1B39CF0A-16A4-4E83-B67A-5510E82CD165}
		{35B932EB-0111-4AC8-993E-4D56F6D31F5A} = {8E08AB51-9178-43BC-87AD-7A5E55E7B3DA}
		{D49C87EB-2EF1-40CF-BD80-1834E8CD4AF1} = {B73EB561-2B16-49A4-857B-7132DE0DEDEF}
		{E4E0BB11-97E9-47E7-93D2-FB55C9E70538} = {FA19DBAD-BA47-415F-B9F4-C1683438B3C6}
		{76AA5C0E-D937-410B-8D4F-11D00913EE64} = {B846F669-CFC1-4D21-9D49-93B79EA4E56E}
		{0137F2BD-24DA-4A0B-A4BE-46402C2C18C5} = {66EFB802-883F-4DE4-9395-0CC74FD4153C}
		{97A573B1-832C-48E1-8EA2-E1F5AF32C501} = {41D05274-FC07-4DB6-8F24-1A454C50B7F9}
		{8ECD084E-D7AF-41AE-914C-38714E1CC3B8} = {49EFE5FE-98FC-4533-A33E-3958C61952B6}
		{86EB0844-69A7-421C-A058-6F3463B80D8C} = {724EE7E2-892A-4375-9179-414ACA15E095}
		{74AB768A-9209-4421-A69B-C8A3C51ADFD7} = {5BEDFAAE-122F-4770-95F1-59CA62FF0F36}
		{D2C34CE9-3FC2-4DE0-99A9-2FDAFB8E9992} = {D914C2F0-DCB0-4830-9BAB-210503C2A98A}
		{EA2AF5BE-D1EF-4C82-B52C-72A5DA3B4B35} = {3CB0CC9F-DBC1-4B44-895F-6C00D73BCA1B}
		{0A22009B-98E6-4384-885D-4C8662A085B0} = {0434D51C-07AE-4A2C-9014-78FE4301339B}
		{CEA4EF6D-BD38-4032-9C0D-77F7E1B6CDCB} = {9407C182-4EE3-4733-8A7B-5168E1421DB8}
		{9C397148-989C-4527-BEEE-10586E41F682} = {0FD79DDB-93CE-4611-8DD0-B376E84BDC0C}
		{FD762DEB-2930-41AD-B654-10250C407BE2} = {DDB328A6-8544-4DB7-A681-1985FE161AB0}
		{73131514-8F48-41DF-A813-C865A1B2E05D} = {94185929-5D75-4B89-ADB0-6F8291DE508D}
		{F6589406-AEBB-4BA6-AF17-5585DFAC3AFB} = {EB67DBEC-2246-4681-955F-53F55450007E}
	EndGlobalSection
EndGlobal
